Microsoft Visual Studio Solution File, Format Version 10.00
# Visual Studio 2008
Project("{2150E333-8FDC-42A3-9474-1A3956D46DE8}") = "properties", "properties", "{776C8571-9FCC-4B32-82DF-7D634E51B05A}"
	ProjectSection(SolutionItems) = preProject
		properties\common.vsprops = properties\common.vsprops
		properties\create_pre_compiled_header.vsprops = properties\create_pre_compiled_header.vsprops
		properties\debug.vsprops = properties\debug.vsprops
		properties\defines.vsprops = properties\defines.vsprops
		properties\include_path.vsprops = properties\include_path.vsprops
		properties\lib_path.vsprops = properties\lib_path.vsprops
		properties\platform_win32.vsprops = properties\platform_win32.vsprops
		properties\platform_x64.vsprops = properties\platform_x64.vsprops
		properties\plugin.vsprops = properties\plugin.vsprops
		properties\program.vsprops = properties\program.vsprops
		properties\release.vsprops = properties\release.vsprops
		properties\top_output_dir.vsprops = properties\top_output_dir.vsprops
		properties\top_src_dir.vsprops = properties\top_src_dir.vsprops
		properties\use_pre_compiled_header.vsprops = properties\use_pre_compiled_header.vsprops
		properties\use_pre_compiled_header_with_mfc.vsprops = properties\use_pre_compiled_header_with_mfc.vsprops
	EndProjectSection
EndProject
Project("{2150E333-8FDC-42A3-9474-1A3956D46DE8}") = "external libraries", "external libraries", "{3C34845E-EDD8-4EAD-8E02-1657883EB758}"
EndProject
Project("{2150E333-8FDC-42A3-9474-1A3956D46DE8}") = "pre-compilation", "pre-compilation", "{A6D8B91D-6D6F-47E5-B773-5A865DB07145}"
EndProject
Project("{2150E333-8FDC-42A3-9474-1A3956D46DE8}") = "package standard files", "package standard files", "{E2D82352-7C93-4D6B-B7F4-92CE95B034AC}"
	ProjectSection(SolutionItems) = preProject
		..\..\AUTHORS = ..\..\AUTHORS
		..\..\ChangeLog = ..\..\ChangeLog
		..\..\NEWS = ..\..\NEWS
		..\..\README = ..\..\README
		..\..\TODO = ..\..\TODO
	EndProjectSection
EndProject
Project("{2150E333-8FDC-42A3-9474-1A3956D46DE8}") = "doc", "doc", "{7367C3D3-56DD-47E9-8AD2-E47DE338347A}"
	ProjectSection(SolutionItems) = preProject
		..\..\doc\for-end-users\faq.txt = ..\..\doc\for-end-users\faq.txt
		..\..\doc\for-end-users\how-to-skin-psycle.txt = ..\..\doc\for-end-users\how-to-skin-psycle.txt
		..\..\doc\for-end-users\keys.txt = ..\..\doc\for-end-users\keys.txt
		..\..\doc\for-end-users\Psycle.chm = ..\..\doc\for-end-users\Psycle.chm
		..\..\doc\for-end-users\readme.txt = ..\..\doc\for-end-users\readme.txt
		..\..\doc\for-end-users\todo.txt = ..\..\doc\for-end-users\todo.txt
		..\..\doc\for-end-users\tweaking.japanese.pdf = ..\..\doc\for-end-users\tweaking.japanese.pdf
		..\..\doc\for-end-users\tweaking.txt = ..\..\doc\for-end-users\tweaking.txt
		..\..\doc\for-end-users\whatsnew.txt = ..\..\doc\for-end-users\whatsnew.txt
	EndProjectSection
EndProject
Project("{2150E333-8FDC-42A3-9474-1A3956D46DE8}") = "midi", "midi", "{0134E93B-162A-4D3F-855F-3396F7C6830F}"
	ProjectSection(SolutionItems) = preProject
		..\..\doc\for-end-users\psycle-midi-2.2b\midiconfiguration.jpg = ..\..\doc\for-end-users\psycle-midi-2.2b\midiconfiguration.jpg
		..\..\doc\for-end-users\psycle-midi-2.2b\midimonitor.jpg = ..\..\doc\for-end-users\psycle-midi-2.2b\midimonitor.jpg
		..\..\doc\for-end-users\psycle-midi-2.2b\midiout.jpg = ..\..\doc\for-end-users\psycle-midi-2.2b\midiout.jpg
		..\..\doc\for-end-users\psycle-midi-2.2b\psyclemidi.html = ..\..\doc\for-end-users\psycle-midi-2.2b\psyclemidi.html
		..\..\doc\for-end-users\psycle-midi-2.2b\PsycleMIDIChart.txt = ..\..\doc\for-end-users\psycle-midi-2.2b\PsycleMIDIChart.txt
	EndProjectSection
EndProject
Project("{8BC9CEB8-8B4A-11D0-8D11-00A0C91BC942}") = "psycle", "projects\psycle\psycle.vcproj", "{C6292BF4-9E87-4176-9101-A3D29D074B35}"
	ProjectSection(ProjectDependencies) = postProject
		{21F6FB1D-B7DB-4EDB-A2B0-DA1B2F04AF01} = {21F6FB1D-B7DB-4EDB-A2B0-DA1B2F04AF01}
		{B78DFE59-051A-43FD-B489-775A4982581C} = {B78DFE59-051A-43FD-B489-775A4982581C}
		{16F2DEB9-8F35-45C9-B460-732615F0C8D5} = {16F2DEB9-8F35-45C9-B460-732615F0C8D5}
		{69C0ACBE-EA31-4F5E-9B41-B2DD73C29DF1} = {69C0ACBE-EA31-4F5E-9B41-B2DD73C29DF1}
		{28C015FB-3BDA-4B32-8D85-C652E9892216} = {28C015FB-3BDA-4B32-8D85-C652E9892216}
	EndProjectSection
EndProject
Project("{8BC9CEB8-8B4A-11D0-8D11-00A0C91BC942}") = "pre-compiled-headers", "projects\pre_compiled_headers\pre_compiled_headers.vcproj", "{3D1A7DAF-F9A8-48BE-AFFE-9B7F690C4B7F}"
	ProjectSection(ProjectDependencies) = postProject
		{29C0ACBE-EA30-4F5E-9B41-B2DD71C29DF1} = {29C0ACBE-EA30-4F5E-9B41-B2DD71C29DF1}
	EndProjectSection
EndProject
Project("{8BC9CEB8-8B4A-11D0-8D11-00A0C91BC942}") = "pre-compiled-headers.mfc", "projects\pre_compiled_headers\pre_compiled_headers.mfc.vcproj", "{28C015FB-3BDA-4B32-8D85-C652E9892216}"
	ProjectSection(ProjectDependencies) = postProject
		{29C0ACBE-EA30-4F5E-9B41-B2DD71C29DF1} = {29C0ACBE-EA30-4F5E-9B41-B2DD71C29DF1}
	EndProjectSection
EndProject
Project("{8BC9CEB8-8B4A-11D0-8D11-00A0C91BC942}") = "steinberg-asio-sdk", "projects\asio\asio.vcproj", "{21F6FB1D-B7DB-4EDB-A2B0-DA1B2F04AF01}"
	ProjectSection(ProjectDependencies) = postProject
		{3D1A7DAF-F9A8-48BE-AFFE-9B7F690C4B7F} = {3D1A7DAF-F9A8-48BE-AFFE-9B7F690C4B7F}
	EndProjectSection
EndProject
Project("{8BC9CEB8-8B4A-11D0-8D11-00A0C91BC942}") = "boost", "projects\boost\boost.vcproj", "{29C0ACBE-EA30-4F5E-9B41-B2DD71C29DF1}"
EndProject
Project("{8BC9CEB8-8B4A-11D0-8D11-00A0C91BC942}") = "universalis", "projects\universalis\universalis.vcproj", "{B78DFE59-051A-43FD-B489-775A4982581C}"
	ProjectSection(ProjectDependencies) = postProject
		{3D1A7DAF-F9A8-48BE-AFFE-9B7F690C4B7F} = {3D1A7DAF-F9A8-48BE-AFFE-9B7F690C4B7F}
		{29C0ACBE-EA30-4F5E-9B41-B2DD71C29DF1} = {29C0ACBE-EA30-4F5E-9B41-B2DD71C29DF1}
	EndProjectSection
EndProject
Project("{8BC9CEB8-8B4A-11D0-8D11-00A0C91BC942}") = "microsoft-direct-sound", "projects\direct_sound\direct_sound.vcproj", "{69C0ACBE-EA31-4F5E-9B41-B2DD73C29DF1}"
EndProject
Project("{8BC9CEB8-8B4A-11D0-8D11-00A0C91BC942}") = "zlib", "projects\zlib\zlib.vcproj", "{69C0ACBE-EA31-4F5E-9B41-B1DF73C24DF0}"
EndProject
Project("{8BC9CEB8-8B4A-11D0-8D11-00A0C91BC942}") = "psycle-helpers-unit-tests", "projects\psycle-helpers\psycle-helpers.unit-tests.vcproj", "{C6292BF4-9E87-4176-9101-A3D29D163B35}"
	ProjectSection(ProjectDependencies) = postProject
		{B78DFE59-051A-43FD-B489-775A4982581C} = {B78DFE59-051A-43FD-B489-775A4982581C}
		{3D1A7DAF-F9A8-48BE-AFFE-9B7F690C4B7F} = {3D1A7DAF-F9A8-48BE-AFFE-9B7F690C4B7F}
		{29C0ACBE-EA30-4F5E-9B41-B2DD71C29DF1} = {29C0ACBE-EA30-4F5E-9B41-B2DD71C29DF1}
	EndProjectSection
EndProject
Project("{8BC9CEB8-8B4A-11D0-8D11-00A0C91BC942}") = "universalis-unit-tests", "projects\universalis\universalis.unit-tests.vcproj", "{15447E72-E8B4-4545-AC7B-091E68221C41}"
EndProject
Project("{8BC9CEB8-8B4A-11D0-8D11-00A0C91BC942}") = "in_psycle", "projects\in_psycle\in_psycle.vcproj", "{41A8B146-5360-4F84-B22C-912FBEE45326}"
	ProjectSection(ProjectDependencies) = postProject
		{B78DFE59-051A-43FD-B489-775A4982581C} = {B78DFE59-051A-43FD-B489-775A4982581C}
	EndProjectSection
EndProject
Project("{8BC9CEB8-8B4A-11D0-8D11-00A0C91BC942}") = "psycle-helpers", "projects\psycle-helpers\psycle-helpers.vcproj", "{16F2DEB9-8F35-45C9-B460-732615F0C8D5}"
EndProject
Global
	GlobalSection(SolutionConfigurationPlatforms) = preSolution
		debug|win32 = debug|win32
		debug|x64 = debug|x64
		documentation|win32 = documentation|win32
		documentation|x64 = documentation|x64
		release|win32 = release|win32
		release|x64 = release|x64
		unpack|win32 = unpack|win32
		unpack|x64 = unpack|x64
	EndGlobalSection
	GlobalSection(ProjectConfigurationPlatforms) = postSolution
		{C6292BF4-9E87-4176-9101-A3D29D074B35}.debug|win32.ActiveCfg = debug|Win32
		{C6292BF4-9E87-4176-9101-A3D29D074B35}.debug|win32.Build.0 = debug|Win32
		{C6292BF4-9E87-4176-9101-A3D29D074B35}.debug|x64.ActiveCfg = debug|x64
		{C6292BF4-9E87-4176-9101-A3D29D074B35}.debug|x64.Build.0 = debug|x64
		{C6292BF4-9E87-4176-9101-A3D29D074B35}.documentation|win32.ActiveCfg = debug|Win32
		{C6292BF4-9E87-4176-9101-A3D29D074B35}.documentation|x64.ActiveCfg = debug|x64
		{C6292BF4-9E87-4176-9101-A3D29D074B35}.documentation|x64.Build.0 = debug|x64
		{C6292BF4-9E87-4176-9101-A3D29D074B35}.release|win32.ActiveCfg = release|Win32
		{C6292BF4-9E87-4176-9101-A3D29D074B35}.release|win32.Build.0 = release|Win32
		{C6292BF4-9E87-4176-9101-A3D29D074B35}.release|x64.ActiveCfg = release|x64
		{C6292BF4-9E87-4176-9101-A3D29D074B35}.release|x64.Build.0 = release|x64
		{C6292BF4-9E87-4176-9101-A3D29D074B35}.unpack|win32.ActiveCfg = debug|Win32
		{C6292BF4-9E87-4176-9101-A3D29D074B35}.unpack|x64.ActiveCfg = release|x64
		{C6292BF4-9E87-4176-9101-A3D29D074B35}.unpack|x64.Build.0 = release|x64
		{3D1A7DAF-F9A8-48BE-AFFE-9B7F690C4B7F}.debug|win32.ActiveCfg = debug|Win32
		{3D1A7DAF-F9A8-48BE-AFFE-9B7F690C4B7F}.debug|win32.Build.0 = debug|Win32
		{3D1A7DAF-F9A8-48BE-AFFE-9B7F690C4B7F}.debug|x64.ActiveCfg = debug|x64
		{3D1A7DAF-F9A8-48BE-AFFE-9B7F690C4B7F}.debug|x64.Build.0 = debug|x64
		{3D1A7DAF-F9A8-48BE-AFFE-9B7F690C4B7F}.documentation|win32.ActiveCfg = debug|Win32
		{3D1A7DAF-F9A8-48BE-AFFE-9B7F690C4B7F}.documentation|x64.ActiveCfg = debug|x64
		{3D1A7DAF-F9A8-48BE-AFFE-9B7F690C4B7F}.documentation|x64.Build.0 = debug|x64
		{3D1A7DAF-F9A8-48BE-AFFE-9B7F690C4B7F}.release|win32.ActiveCfg = release|Win32
		{3D1A7DAF-F9A8-48BE-AFFE-9B7F690C4B7F}.release|win32.Build.0 = release|Win32
		{3D1A7DAF-F9A8-48BE-AFFE-9B7F690C4B7F}.release|x64.ActiveCfg = release|x64
		{3D1A7DAF-F9A8-48BE-AFFE-9B7F690C4B7F}.release|x64.Build.0 = release|x64
		{3D1A7DAF-F9A8-48BE-AFFE-9B7F690C4B7F}.unpack|win32.ActiveCfg = debug|Win32
		{3D1A7DAF-F9A8-48BE-AFFE-9B7F690C4B7F}.unpack|x64.ActiveCfg = release|x64
		{3D1A7DAF-F9A8-48BE-AFFE-9B7F690C4B7F}.unpack|x64.Build.0 = release|x64
		{28C015FB-3BDA-4B32-8D85-C652E9892216}.debug|win32.ActiveCfg = debug|Win32
		{28C015FB-3BDA-4B32-8D85-C652E9892216}.debug|win32.Build.0 = debug|Win32
		{28C015FB-3BDA-4B32-8D85-C652E9892216}.debug|x64.ActiveCfg = debug|x64
		{28C015FB-3BDA-4B32-8D85-C652E9892216}.debug|x64.Build.0 = debug|x64
		{28C015FB-3BDA-4B32-8D85-C652E9892216}.documentation|win32.ActiveCfg = debug|Win32
		{28C015FB-3BDA-4B32-8D85-C652E9892216}.documentation|x64.ActiveCfg = debug|x64
		{28C015FB-3BDA-4B32-8D85-C652E9892216}.documentation|x64.Build.0 = debug|x64
		{28C015FB-3BDA-4B32-8D85-C652E9892216}.release|win32.ActiveCfg = release|Win32
		{28C015FB-3BDA-4B32-8D85-C652E9892216}.release|win32.Build.0 = release|Win32
		{28C015FB-3BDA-4B32-8D85-C652E9892216}.release|x64.ActiveCfg = release|x64
		{28C015FB-3BDA-4B32-8D85-C652E9892216}.release|x64.Build.0 = release|x64
		{28C015FB-3BDA-4B32-8D85-C652E9892216}.unpack|win32.ActiveCfg = debug|Win32
		{28C015FB-3BDA-4B32-8D85-C652E9892216}.unpack|x64.ActiveCfg = release|x64
		{28C015FB-3BDA-4B32-8D85-C652E9892216}.unpack|x64.Build.0 = release|x64
		{21F6FB1D-B7DB-4EDB-A2B0-DA1B2F04AF01}.debug|win32.ActiveCfg = debug|Win32
		{21F6FB1D-B7DB-4EDB-A2B0-DA1B2F04AF01}.debug|win32.Build.0 = debug|Win32
		{21F6FB1D-B7DB-4EDB-A2B0-DA1B2F04AF01}.debug|x64.ActiveCfg = debug|x64
		{21F6FB1D-B7DB-4EDB-A2B0-DA1B2F04AF01}.debug|x64.Build.0 = debug|x64
		{21F6FB1D-B7DB-4EDB-A2B0-DA1B2F04AF01}.documentation|win32.ActiveCfg = debug|Win32
		{21F6FB1D-B7DB-4EDB-A2B0-DA1B2F04AF01}.documentation|x64.ActiveCfg = debug|x64
		{21F6FB1D-B7DB-4EDB-A2B0-DA1B2F04AF01}.documentation|x64.Build.0 = debug|x64
		{21F6FB1D-B7DB-4EDB-A2B0-DA1B2F04AF01}.release|win32.ActiveCfg = release|Win32
		{21F6FB1D-B7DB-4EDB-A2B0-DA1B2F04AF01}.release|win32.Build.0 = release|Win32
		{21F6FB1D-B7DB-4EDB-A2B0-DA1B2F04AF01}.release|x64.ActiveCfg = release|x64
		{21F6FB1D-B7DB-4EDB-A2B0-DA1B2F04AF01}.release|x64.Build.0 = release|x64
		{21F6FB1D-B7DB-4EDB-A2B0-DA1B2F04AF01}.unpack|win32.ActiveCfg = debug|Win32
		{21F6FB1D-B7DB-4EDB-A2B0-DA1B2F04AF01}.unpack|x64.ActiveCfg = release|x64
		{21F6FB1D-B7DB-4EDB-A2B0-DA1B2F04AF01}.unpack|x64.Build.0 = release|x64
		{29C0ACBE-EA30-4F5E-9B41-B2DD71C29DF1}.debug|win32.ActiveCfg = unpack|Win32
		{29C0ACBE-EA30-4F5E-9B41-B2DD71C29DF1}.debug|win32.Build.0 = unpack|Win32
		{29C0ACBE-EA30-4F5E-9B41-B2DD71C29DF1}.debug|x64.ActiveCfg = unpack|x64
		{29C0ACBE-EA30-4F5E-9B41-B2DD71C29DF1}.debug|x64.Build.0 = unpack|x64
		{29C0ACBE-EA30-4F5E-9B41-B2DD71C29DF1}.documentation|win32.ActiveCfg = unpack|Win32
		{29C0ACBE-EA30-4F5E-9B41-B2DD71C29DF1}.documentation|x64.ActiveCfg = unpack|x64
		{29C0ACBE-EA30-4F5E-9B41-B2DD71C29DF1}.documentation|x64.Build.0 = unpack|x64
		{29C0ACBE-EA30-4F5E-9B41-B2DD71C29DF1}.release|win32.ActiveCfg = unpack|Win32
		{29C0ACBE-EA30-4F5E-9B41-B2DD71C29DF1}.release|win32.Build.0 = unpack|Win32
		{29C0ACBE-EA30-4F5E-9B41-B2DD71C29DF1}.release|x64.ActiveCfg = unpack|x64
		{29C0ACBE-EA30-4F5E-9B41-B2DD71C29DF1}.release|x64.Build.0 = unpack|x64
		{29C0ACBE-EA30-4F5E-9B41-B2DD71C29DF1}.unpack|win32.ActiveCfg = unpack|Win32
		{29C0ACBE-EA30-4F5E-9B41-B2DD71C29DF1}.unpack|win32.Build.0 = unpack|Win32
		{29C0ACBE-EA30-4F5E-9B41-B2DD71C29DF1}.unpack|x64.ActiveCfg = unpack|x64
		{29C0ACBE-EA30-4F5E-9B41-B2DD71C29DF1}.unpack|x64.Build.0 = unpack|x64
		{B78DFE59-051A-43FD-B489-775A4982581C}.debug|win32.ActiveCfg = debug|Win32
		{B78DFE59-051A-43FD-B489-775A4982581C}.debug|win32.Build.0 = debug|Win32
		{B78DFE59-051A-43FD-B489-775A4982581C}.debug|x64.ActiveCfg = debug|x64
		{B78DFE59-051A-43FD-B489-775A4982581C}.debug|x64.Build.0 = debug|x64
		{B78DFE59-051A-43FD-B489-775A4982581C}.documentation|win32.ActiveCfg = debug|Win32
		{B78DFE59-051A-43FD-B489-775A4982581C}.documentation|x64.ActiveCfg = debug|x64
		{B78DFE59-051A-43FD-B489-775A4982581C}.documentation|x64.Build.0 = debug|x64
		{B78DFE59-051A-43FD-B489-775A4982581C}.release|win32.ActiveCfg = release|Win32
		{B78DFE59-051A-43FD-B489-775A4982581C}.release|win32.Build.0 = release|Win32
		{B78DFE59-051A-43FD-B489-775A4982581C}.release|x64.ActiveCfg = release|x64
		{B78DFE59-051A-43FD-B489-775A4982581C}.release|x64.Build.0 = release|x64
		{B78DFE59-051A-43FD-B489-775A4982581C}.unpack|win32.ActiveCfg = debug|Win32
		{B78DFE59-051A-43FD-B489-775A4982581C}.unpack|x64.ActiveCfg = release|x64
		{B78DFE59-051A-43FD-B489-775A4982581C}.unpack|x64.Build.0 = release|x64
		{69C0ACBE-EA31-4F5E-9B41-B2DD73C29DF1}.debug|win32.ActiveCfg = unpack|Win32
		{69C0ACBE-EA31-4F5E-9B41-B2DD73C29DF1}.debug|win32.Build.0 = unpack|Win32
		{69C0ACBE-EA31-4F5E-9B41-B2DD73C29DF1}.debug|x64.ActiveCfg = unpack|x64
		{69C0ACBE-EA31-4F5E-9B41-B2DD73C29DF1}.debug|x64.Build.0 = unpack|x64
		{69C0ACBE-EA31-4F5E-9B41-B2DD73C29DF1}.documentation|win32.ActiveCfg = unpack|Win32
		{69C0ACBE-EA31-4F5E-9B41-B2DD73C29DF1}.documentation|x64.ActiveCfg = unpack|x64
		{69C0ACBE-EA31-4F5E-9B41-B2DD73C29DF1}.documentation|x64.Build.0 = unpack|x64
		{69C0ACBE-EA31-4F5E-9B41-B2DD73C29DF1}.release|win32.ActiveCfg = unpack|Win32
		{69C0ACBE-EA31-4F5E-9B41-B2DD73C29DF1}.release|win32.Build.0 = unpack|Win32
		{69C0ACBE-EA31-4F5E-9B41-B2DD73C29DF1}.release|x64.ActiveCfg = unpack|x64
		{69C0ACBE-EA31-4F5E-9B41-B2DD73C29DF1}.release|x64.Build.0 = unpack|x64
		{69C0ACBE-EA31-4F5E-9B41-B2DD73C29DF1}.unpack|win32.ActiveCfg = unpack|Win32
		{69C0ACBE-EA31-4F5E-9B41-B2DD73C29DF1}.unpack|win32.Build.0 = unpack|Win32
		{69C0ACBE-EA31-4F5E-9B41-B2DD73C29DF1}.unpack|x64.ActiveCfg = unpack|x64
		{69C0ACBE-EA31-4F5E-9B41-B2DD73C29DF1}.unpack|x64.Build.0 = unpack|x64
		{69C0ACBE-EA31-4F5E-9B41-B1DF73C24DF0}.debug|win32.ActiveCfg = unpack|Win32
		{69C0ACBE-EA31-4F5E-9B41-B1DF73C24DF0}.debug|win32.Build.0 = unpack|Win32
		{69C0ACBE-EA31-4F5E-9B41-B1DF73C24DF0}.debug|x64.ActiveCfg = unpack|x64
		{69C0ACBE-EA31-4F5E-9B41-B1DF73C24DF0}.debug|x64.Build.0 = unpack|x64
		{69C0ACBE-EA31-4F5E-9B41-B1DF73C24DF0}.documentation|win32.ActiveCfg = unpack|Win32
		{69C0ACBE-EA31-4F5E-9B41-B1DF73C24DF0}.documentation|x64.ActiveCfg = unpack|x64
		{69C0ACBE-EA31-4F5E-9B41-B1DF73C24DF0}.documentation|x64.Build.0 = unpack|x64
		{69C0ACBE-EA31-4F5E-9B41-B1DF73C24DF0}.release|win32.ActiveCfg = unpack|Win32
		{69C0ACBE-EA31-4F5E-9B41-B1DF73C24DF0}.release|win32.Build.0 = unpack|Win32
		{69C0ACBE-EA31-4F5E-9B41-B1DF73C24DF0}.release|x64.ActiveCfg = unpack|x64
		{69C0ACBE-EA31-4F5E-9B41-B1DF73C24DF0}.release|x64.Build.0 = unpack|x64
		{69C0ACBE-EA31-4F5E-9B41-B1DF73C24DF0}.unpack|win32.ActiveCfg = unpack|Win32
		{69C0ACBE-EA31-4F5E-9B41-B1DF73C24DF0}.unpack|win32.Build.0 = unpack|Win32
		{69C0ACBE-EA31-4F5E-9B41-B1DF73C24DF0}.unpack|x64.ActiveCfg = unpack|x64
		{69C0ACBE-EA31-4F5E-9B41-B1DF73C24DF0}.unpack|x64.Build.0 = unpack|x64
		{C6292BF4-9E87-4176-9101-A3D29D163B35}.debug|win32.ActiveCfg = debug|Win32
		{C6292BF4-9E87-4176-9101-A3D29D163B35}.debug|win32.Build.0 = debug|Win32
		{C6292BF4-9E87-4176-9101-A3D29D163B35}.debug|x64.ActiveCfg = debug|x64
		{C6292BF4-9E87-4176-9101-A3D29D163B35}.debug|x64.Build.0 = debug|x64
		{C6292BF4-9E87-4176-9101-A3D29D163B35}.documentation|win32.ActiveCfg = debug|Win32
		{C6292BF4-9E87-4176-9101-A3D29D163B35}.documentation|win32.Build.0 = debug|Win32
		{C6292BF4-9E87-4176-9101-A3D29D163B35}.documentation|x64.ActiveCfg = debug|x64
		{C6292BF4-9E87-4176-9101-A3D29D163B35}.documentation|x64.Build.0 = debug|x64
		{C6292BF4-9E87-4176-9101-A3D29D163B35}.release|win32.ActiveCfg = release|Win32
		{C6292BF4-9E87-4176-9101-A3D29D163B35}.release|win32.Build.0 = release|Win32
		{C6292BF4-9E87-4176-9101-A3D29D163B35}.release|x64.ActiveCfg = release|x64
		{C6292BF4-9E87-4176-9101-A3D29D163B35}.release|x64.Build.0 = release|x64
		{C6292BF4-9E87-4176-9101-A3D29D163B35}.unpack|win32.ActiveCfg = release|Win32
		{C6292BF4-9E87-4176-9101-A3D29D163B35}.unpack|win32.Build.0 = release|Win32
		{C6292BF4-9E87-4176-9101-A3D29D163B35}.unpack|x64.ActiveCfg = release|x64
		{C6292BF4-9E87-4176-9101-A3D29D163B35}.unpack|x64.Build.0 = release|x64
		{15447E72-E8B4-4545-AC7B-091E68221C41}.debug|win32.ActiveCfg = debug|Win32
		{15447E72-E8B4-4545-AC7B-091E68221C41}.debug|win32.Build.0 = debug|Win32
		{15447E72-E8B4-4545-AC7B-091E68221C41}.debug|x64.ActiveCfg = debug|x64
		{15447E72-E8B4-4545-AC7B-091E68221C41}.debug|x64.Build.0 = debug|x64
		{15447E72-E8B4-4545-AC7B-091E68221C41}.documentation|win32.ActiveCfg = debug|Win32
		{15447E72-E8B4-4545-AC7B-091E68221C41}.documentation|win32.Build.0 = debug|Win32
		{15447E72-E8B4-4545-AC7B-091E68221C41}.documentation|x64.ActiveCfg = debug|x64
		{15447E72-E8B4-4545-AC7B-091E68221C41}.documentation|x64.Build.0 = debug|x64
		{15447E72-E8B4-4545-AC7B-091E68221C41}.release|win32.ActiveCfg = release|Win32
		{15447E72-E8B4-4545-AC7B-091E68221C41}.release|win32.Build.0 = release|Win32
		{15447E72-E8B4-4545-AC7B-091E68221C41}.release|x64.ActiveCfg = release|x64
		{15447E72-E8B4-4545-AC7B-091E68221C41}.release|x64.Build.0 = release|x64
		{15447E72-E8B4-4545-AC7B-091E68221C41}.unpack|win32.ActiveCfg = release|Win32
		{15447E72-E8B4-4545-AC7B-091E68221C41}.unpack|win32.Build.0 = release|Win32
		{15447E72-E8B4-4545-AC7B-091E68221C41}.unpack|x64.ActiveCfg = release|x64
		{15447E72-E8B4-4545-AC7B-091E68221C41}.unpack|x64.Build.0 = release|x64
		{41A8B146-5360-4F84-B22C-912FBEE45326}.debug|win32.ActiveCfg = Debug|Win32
		{41A8B146-5360-4F84-B22C-912FBEE45326}.debug|win32.Build.0 = Debug|Win32
		{41A8B146-5360-4F84-B22C-912FBEE45326}.debug|x64.ActiveCfg = Debug|Win32
		{41A8B146-5360-4F84-B22C-912FBEE45326}.documentation|win32.ActiveCfg = Debug|Win32
		{41A8B146-5360-4F84-B22C-912FBEE45326}.documentation|win32.Build.0 = Debug|Win32
		{41A8B146-5360-4F84-B22C-912FBEE45326}.documentation|x64.ActiveCfg = Debug|Win32
		{41A8B146-5360-4F84-B22C-912FBEE45326}.release|win32.ActiveCfg = Release|Win32
		{41A8B146-5360-4F84-B22C-912FBEE45326}.release|win32.Build.0 = Release|Win32
		{41A8B146-5360-4F84-B22C-912FBEE45326}.release|x64.ActiveCfg = Release|Win32
		{41A8B146-5360-4F84-B22C-912FBEE45326}.unpack|win32.ActiveCfg = Release|Win32
		{41A8B146-5360-4F84-B22C-912FBEE45326}.unpack|win32.Build.0 = Release|Win32
		{41A8B146-5360-4F84-B22C-912FBEE45326}.unpack|x64.ActiveCfg = Release|Win32
		{16F2DEB9-8F35-45C9-B460-732615F0C8D5}.debug|win32.ActiveCfg = debug|Win32
		{16F2DEB9-8F35-45C9-B460-732615F0C8D5}.debug|win32.Build.0 = debug|Win32
		{16F2DEB9-8F35-45C9-B460-732615F0C8D5}.debug|x64.ActiveCfg = debug|x64
		{16F2DEB9-8F35-45C9-B460-732615F0C8D5}.debug|x64.Build.0 = debug|x64
		{16F2DEB9-8F35-45C9-B460-732615F0C8D5}.documentation|win32.ActiveCfg = debug|x64
		{16F2DEB9-8F35-45C9-B460-732615F0C8D5}.documentation|x64.ActiveCfg = debug|x64
		{16F2DEB9-8F35-45C9-B460-732615F0C8D5}.documentation|x64.Build.0 = debug|x64
		{16F2DEB9-8F35-45C9-B460-732615F0C8D5}.release|win32.ActiveCfg = release|Win32
		{16F2DEB9-8F35-45C9-B460-732615F0C8D5}.release|win32.Build.0 = release|Win32
		{16F2DEB9-8F35-45C9-B460-732615F0C8D5}.release|x64.ActiveCfg = release|x64
		{16F2DEB9-8F35-45C9-B460-732615F0C8D5}.release|x64.Build.0 = release|x64
		{16F2DEB9-8F35-45C9-B460-732615F0C8D5}.unpack|win32.ActiveCfg = release|x64
		{16F2DEB9-8F35-45C9-B460-732615F0C8D5}.unpack|x64.ActiveCfg = release|x64
		{16F2DEB9-8F35-45C9-B460-732615F0C8D5}.unpack|x64.Build.0 = release|x64
	EndGlobalSection
	GlobalSection(SolutionProperties) = preSolution
		HideSolutionNode = FALSE
	EndGlobalSection
	GlobalSection(NestedProjects) = preSolution
		{21F6FB1D-B7DB-4EDB-A2B0-DA1B2F04AF01} = {3C34845E-EDD8-4EAD-8E02-1657883EB758}
		{29C0ACBE-EA30-4F5E-9B41-B2DD71C29DF1} = {3C34845E-EDD8-4EAD-8E02-1657883EB758}
		{69C0ACBE-EA31-4F5E-9B41-B2DD73C29DF1} = {3C34845E-EDD8-4EAD-8E02-1657883EB758}
		{69C0ACBE-EA31-4F5E-9B41-B1DF73C24DF0} = {3C34845E-EDD8-4EAD-8E02-1657883EB758}
		{3D1A7DAF-F9A8-48BE-AFFE-9B7F690C4B7F} = {A6D8B91D-6D6F-47E5-B773-5A865DB07145}
		{28C015FB-3BDA-4B32-8D85-C652E9892216} = {A6D8B91D-6D6F-47E5-B773-5A865DB07145}
		{0134E93B-162A-4D3F-855F-3396F7C6830F} = {7367C3D3-56DD-47E9-8AD2-E47DE338347A}
	EndGlobalSection
	GlobalSection(DPCodeReviewSolutionGUID) = preSolution
		DPCodeReviewSolutionGUID = {00000000-0000-0000-0000-000000000000}
	EndGlobalSection
EndGlobal
