
Microsoft Visual Studio Solution File, Format Version 11.00
# Visual Studio 2010
Project("{8BC9CEB8-8B4A-11D0-8D11-00A0C91BC942}") = "pre-compiled-headers-with-mfc", "projects\pre-compiled-headers\pre-compiled-headers-with-mfc.msvc-2010.vcxproj", "{E30DE414-D82E-475D-9449-3C0E089DEA09}"
EndProject
Project("{8BC9CEB8-8B4A-11D0-8D11-00A0C91BC942}") = "microsoft-direct-sound", "projects\direct-sound\direct-sound.msvc-2010.vcxproj", "{69C0ACBE-EA31-4F5E-9B41-B2DD73C29DF1}"
EndProject
Project("{8BC9CEB8-8B4A-11D0-8D11-00A0C91BC942}") = "boost", "projects\boost\boost.msvc-2010.vcxproj", "{29C0ACBE-EA30-4F5E-9B41-B2DD71C29DF1}"
EndProject
Project("{8BC9CEB8-8B4A-11D0-8D11-00A0C91BC942}") = "steinberg-asio-sdk", "..\..\psycle-audiodrivers\asio.msvc-2010.vcxproj", "{21F6FB1D-B7DB-4EDB-A2B0-DA1B2F04AF01}"
EndProject
Project("{8BC9CEB8-8B4A-11D0-8D11-00A0C91BC942}") = "psycle", "..\..\psycle\psycle.msvc-2010.vcxproj", "{C6292BF4-9E87-4176-9101-A3D29D074B35}"
	ProjectSection(ProjectDependencies) = postProject
		{21F6FB1D-B7DB-4EDB-A2B0-DA1B2F04AF01} = {21F6FB1D-B7DB-4EDB-A2B0-DA1B2F04AF01}
		{B78DFE59-051A-43FD-B489-775A4982581C} = {B78DFE59-051A-43FD-B489-775A4982581C}
		{16F2DEB9-8F35-45C9-B460-732615F0C8D5} = {16F2DEB9-8F35-45C9-B460-732615F0C8D5}
		{F99FF9ED-D9EA-4EE7-A025-F0A0454C2F40} = {F99FF9ED-D9EA-4EE7-A025-F0A0454C2F40}
		{FEE2D9F8-BAD2-D34C-95B9-FB03657990DD} = {FEE2D9F8-BAD2-D34C-95B9-FB03657990DD}
	EndProjectSection
EndProject
Project("{8BC9CEB8-8B4A-11D0-8D11-00A0C91BC942}") = "universalis", "..\..\universalis\universalis.msvc-2010.vcxproj", "{B78DFE59-051A-43FD-B489-775A4982581C}"
EndProject
Project("{8BC9CEB8-8B4A-11D0-8D11-00A0C91BC942}") = "psycle-helpers", "..\..\psycle-helpers\psycle-helpers.msvc-2010.vcxproj", "{16F2DEB9-8F35-45C9-B460-732615F0C8D5}"
EndProject
Project("{8BC9CEB8-8B4A-11D0-8D11-00A0C91BC942}") = "pre-compiled-headers", "projects\pre-compiled-headers\pre-compiled-headers.msvc-2010.vcxproj", "{3D1A7DAF-F9A8-48BE-AFFE-9B7F690C4B7F}"
EndProject
Project("{2150E333-8FDC-42A3-9474-1A3956D46DE8}") = "properties", "properties", "{68D79041-5BDF-4056-951B-8F00770634FD}"
	ProjectSection(SolutionItems) = preProject
		properties\common.props = properties\common.props
		properties\create_pre_compiled_header.props = properties\create_pre_compiled_header.props
		properties\debug.props = properties\debug.props
		properties\defines.props = properties\defines.props
		properties\include_path.props = properties\include_path.props
		properties\lib_path.props = properties\lib_path.props
		properties\no_pre_compiled_header.props = properties\no_pre_compiled_header.props
		properties\platform_win32.props = properties\platform_win32.props
		properties\platform_x64.props = properties\platform_x64.props
		properties\plugin.props = properties\plugin.props
		properties\program.props = properties\program.props
		properties\psycle-winamp-plugin-in_psycle.props = properties\psycle-winamp-plugin-in_psycle.props
		properties\release.props = properties\release.props
		properties\staticlib.props = properties\staticlib.props
		properties\top_output_dir.props = properties\top_output_dir.props
		properties\top_src_dir.props = properties\top_src_dir.props
		properties\use_pre_compiled_header.props = properties\use_pre_compiled_header.props
		properties\use_pre_compiled_header_with_mfc.props = properties\use_pre_compiled_header_with_mfc.props
	EndProjectSection
EndProject
Project("{2150E333-8FDC-42A3-9474-1A3956D46DE8}") = "external-packages", "external-packages", "{32C63410-6563-47C8-BAAF-4AA94EF5BC55}"
EndProject
Project("{2150E333-8FDC-42A3-9474-1A3956D46DE8}") = "pre-compilation", "pre-compilation", "{C86AB79E-DEF2-4E13-BF4B-C82847F79170}"
EndProject
Project("{2150E333-8FDC-42A3-9474-1A3956D46DE8}") = "plugins", "plugins", "{E9D78F39-62E1-4F7D-A6E3-03FE654C393D}"
EndProject
Project("{2150E333-8FDC-42A3-9474-1A3956D46DE8}") = "libraries", "libraries", "{9784CD13-4B7D-4C2A-AB18-5F9CCD44C37F}"
EndProject
Project("{2150E333-8FDC-42A3-9474-1A3956D46DE8}") = "generators", "generators", "{28C69FF5-2E34-40F1-93C9-5AAF2DA4080A}"
EndProject
Project("{2150E333-8FDC-42A3-9474-1A3956D46DE8}") = "effects", "effects", "{150B85B9-4D15-48C7-A365-92E2BCE9DFC5}"
EndProject
Project("{8BC9CEB8-8B4A-11D0-8D11-00A0C91BC942}") = "lualib", "projects\lualib\lualib.msvc-2010.vcxproj", "{FEE2D9F8-BAD2-D34C-95B9-FB03657990DD}"
EndProject
Project("{8BC9CEB8-8B4A-11D0-8D11-00A0C91BC942}") = "luasocket", "projects\luasocket\luasocket.msvc-2010.vcxproj", "{F99FF9ED-D9EA-4EE7-A025-F0A0454C2F40}"
	ProjectSection(ProjectDependencies) = postProject
		{FEE2D9F8-BAD2-D34C-95B9-FB03657990DD} = {FEE2D9F8-BAD2-D34C-95B9-FB03657990DD}
	EndProjectSection
EndProject
Project("{8BC9CEB8-8B4A-11D0-8D11-00A0C91BC942}") = "stk", "projects\stk\stk.msvc-2010.vcxproj", "{29C0ACBE-EA30-4F5E-9B41-123456789ABC}"
EndProject
Project("{2150E333-8FDC-42A3-9474-1A3956D46DE8}") = "doc", "doc", "{92C02519-D580-44F1-B28B-D184E2376406}"
	ProjectSection(SolutionItems) = preProject
		..\..\psycle\doc\for-end-users\faq.txt = ..\..\psycle\doc\for-end-users\faq.txt
		..\..\psycle\doc\for-end-users\how-to-skin-psycle.txt = ..\..\psycle\doc\for-end-users\how-to-skin-psycle.txt
		..\..\psycle\doc\for-end-users\keys.txt = ..\..\psycle\doc\for-end-users\keys.txt
		..\..\psycle\doc\for-end-users\LuaScriptingManual.pdf = ..\..\psycle\doc\for-end-users\LuaScriptingManual.pdf
		..\..\psycle\doc\for-end-users\Psycle.chm = ..\..\psycle\doc\for-end-users\Psycle.chm
		..\..\psycle\doc\for-end-users\readme.txt = ..\..\psycle\doc\for-end-users\readme.txt
		..\..\psycle\doc\for-end-users\roadmap-and-history.txt = ..\..\psycle\doc\for-end-users\roadmap-and-history.txt
		..\..\psycle\doc\for-end-users\todo.txt = ..\..\psycle\doc\for-end-users\todo.txt
		..\..\psycle\doc\for-end-users\tweaking.txt = ..\..\psycle\doc\for-end-users\tweaking.txt
		..\..\psycle\doc\for-end-users\whatsnew.txt = ..\..\psycle\doc\for-end-users\whatsnew.txt
	EndProjectSection
EndProject
Project("{2150E333-8FDC-42A3-9474-1A3956D46DE8}") = "midi", "midi", "{AD4B8BC2-E25B-42F1-85C4-88888A92F74B}"
	ProjectSection(SolutionItems) = preProject
		..\..\psycle\doc\for-end-users\psycle-midi-2.2b\midiconfiguration.png = ..\..\psycle\doc\for-end-users\psycle-midi-2.2b\midiconfiguration.png
		..\..\psycle\doc\for-end-users\psycle-midi-2.2b\midicontrollers.png = ..\..\psycle\doc\for-end-users\psycle-midi-2.2b\midicontrollers.png
		..\..\psycle\doc\for-end-users\psycle-midi-2.2b\midimonitor.png = ..\..\psycle\doc\for-end-users\psycle-midi-2.2b\midimonitor.png
		..\..\psycle\doc\for-end-users\psycle-midi-2.2b\psyclemidi.html = ..\..\psycle\doc\for-end-users\psycle-midi-2.2b\psyclemidi.html
		..\..\psycle\doc\for-end-users\psycle-midi-2.2b\PsycleMIDIChart.txt = ..\..\psycle\doc\for-end-users\psycle-midi-2.2b\PsycleMIDIChart.txt
	EndProjectSection
EndProject
Project("{2150E333-8FDC-42A3-9474-1A3956D46DE8}") = "psycle_help", "psycle_help", "{FAEA5C15-F3BD-4413-9693-C89CCE4B54AF}"
	ProjectSection(SolutionItems) = preProject
		..\..\psycle\doc\Psycle Help\640px-Psycle_keyboard.jpg = ..\..\psycle\doc\Psycle Help\640px-Psycle_keyboard.jpg
		..\..\psycle\doc\Psycle Help\About.htm = ..\..\psycle\doc\Psycle Help\About.htm
		..\..\psycle\doc\Psycle Help\About_Changes.htm = ..\..\psycle\doc\Psycle Help\About_Changes.htm
		..\..\psycle\doc\Psycle Help\About_History.htm = ..\..\psycle\doc\Psycle Help\About_History.htm
		..\..\psycle\doc\Psycle Help\About_Involved.htm = ..\..\psycle\doc\Psycle Help\About_Involved.htm
		..\..\psycle\doc\Psycle Help\About_Specs.htm = ..\..\psycle\doc\Psycle Help\About_Specs.htm
		..\..\psycle\doc\Psycle Help\About_Sys.htm = ..\..\psycle\doc\Psycle Help\About_Sys.htm
		..\..\psycle\doc\Psycle Help\addmachine.png = ..\..\psycle\doc\Psycle Help\addmachine.png
		..\..\psycle\doc\Psycle Help\alk-mercury header (TranceMyriad adaptation).png = ..\..\psycle\doc\Psycle Help\alk-mercury header (TranceMyriad adaptation).png
		..\..\psycle\doc\Psycle Help\alk-mercury machines (Trancemyriad mod).png = ..\..\psycle\doc\Psycle Help\alk-mercury machines (Trancemyriad mod).png
		..\..\psycle\doc\Psycle Help\arrow_side_invert_L.gif = ..\..\psycle\doc\Psycle Help\arrow_side_invert_L.gif
		..\..\psycle\doc\Psycle Help\arrow_side_invert_R.gif = ..\..\psycle\doc\Psycle Help\arrow_side_invert_R.gif
		..\..\psycle\doc\Psycle Help\autostopmachines.gif = ..\..\psycle\doc\Psycle Help\autostopmachines.gif
		..\..\psycle\doc\Psycle Help\Bars.htm = ..\..\psycle\doc\Psycle Help\Bars.htm
		..\..\psycle\doc\Psycle Help\Bars_Machine.htm = ..\..\psycle\doc\Psycle Help\Bars_Machine.htm
		..\..\psycle\doc\Psycle Help\Bars_Sequencer.htm = ..\..\psycle\doc\Psycle Help\Bars_Sequencer.htm
		..\..\psycle\doc\Psycle Help\Bars_SongBar.htm = ..\..\psycle\doc\Psycle Help\Bars_SongBar.htm
		..\..\psycle\doc\Psycle Help\Bars_Status.htm = ..\..\psycle\doc\Psycle Help\Bars_Status.htm
		..\..\psycle\doc\Psycle Help\Bars_Toolbar.htm = ..\..\psycle\doc\Psycle Help\Bars_Toolbar.htm
		..\..\psycle\doc\Psycle Help\config_directories.png = ..\..\psycle\doc\Psycle Help\config_directories.png
		..\..\psycle\doc\Psycle Help\Config_Dirs.htm = ..\..\psycle\doc\Psycle Help\Config_Dirs.htm
		..\..\psycle\doc\Psycle Help\Config_IO.htm = ..\..\psycle\doc\Psycle Help\Config_IO.htm
		..\..\psycle\doc\Psycle Help\config_io.png = ..\..\psycle\doc\Psycle Help\config_io.png
		..\..\psycle\doc\Psycle Help\Config_Keyboard.htm = ..\..\psycle\doc\Psycle Help\Config_Keyboard.htm
		..\..\psycle\doc\Psycle Help\config_keyboard.png = ..\..\psycle\doc\Psycle Help\config_keyboard.png
		..\..\psycle\doc\Psycle Help\Config_MIDI.htm = ..\..\psycle\doc\Psycle Help\Config_MIDI.htm
		..\..\psycle\doc\Psycle Help\config_MIDI.png = ..\..\psycle\doc\Psycle Help\config_MIDI.png
		..\..\psycle\doc\Psycle Help\Config_Skins.htm = ..\..\psycle\doc\Psycle Help\Config_Skins.htm
		..\..\psycle\doc\Psycle Help\Config_Visual.htm = ..\..\psycle\doc\Psycle Help\Config_Visual.htm
		..\..\psycle\doc\Psycle Help\config_visual_machineview_color.png = ..\..\psycle\doc\Psycle Help\config_visual_machineview_color.png
		..\..\psycle\doc\Psycle Help\config_visual_natives.png = ..\..\psycle\doc\Psycle Help\config_visual_natives.png
		..\..\psycle\doc\Psycle Help\config_visual_patternview.png = ..\..\psycle\doc\Psycle Help\config_visual_patternview.png
		..\..\psycle\doc\Psycle Help\config_visual_theme.png = ..\..\psycle\doc\Psycle Help\config_visual_theme.png
		..\..\psycle\doc\Psycle Help\config_visual_VU.png = ..\..\psycle\doc\Psycle Help\config_visual_VU.png
		..\..\psycle\doc\Psycle Help\Configuration.htm = ..\..\psycle\doc\Psycle Help\Configuration.htm
		..\..\psycle\doc\Psycle Help\cpu_monitor.png = ..\..\psycle\doc\Psycle Help\cpu_monitor.png
		..\..\psycle\doc\Psycle Help\Credits.htm = ..\..\psycle\doc\Psycle Help\Credits.htm
		..\..\psycle\doc\Psycle Help\diskrecord.jpg = ..\..\psycle\doc\Psycle Help\diskrecord.jpg
		..\..\psycle\doc\Psycle Help\FAQ.htm = ..\..\psycle\doc\Psycle Help\FAQ.htm
		..\..\psycle\doc\Psycle Help\FileFunc_New.htm = ..\..\psycle\doc\Psycle Help\FileFunc_New.htm
		..\..\psycle\doc\Psycle Help\FileFunc_psb.htm = ..\..\psycle\doc\Psycle Help\FileFunc_psb.htm
		..\..\psycle\doc\Psycle Help\FileFunc_Render.htm = ..\..\psycle\doc\Psycle Help\FileFunc_Render.htm
		..\..\psycle\doc\Psycle Help\FileFunctions.htm = ..\..\psycle\doc\Psycle Help\FileFunctions.htm
		..\..\psycle\doc\Psycle Help\gearrack.png = ..\..\psycle\doc\Psycle Help\gearrack.png
		..\..\psycle\doc\Psycle Help\header.png = ..\..\psycle\doc\Psycle Help\header.png
		..\..\psycle\doc\Psycle Help\Index.hhk = ..\..\psycle\doc\Psycle Help\Index.hhk
		..\..\psycle\doc\Psycle Help\index.htm = ..\..\psycle\doc\Psycle Help\index.htm
		..\..\psycle\doc\Psycle Help\instrument_editor_sampler.png = ..\..\psycle\doc\Psycle Help\instrument_editor_sampler.png
		..\..\psycle\doc\Psycle Help\instrument_editor_sampulse.png = ..\..\psycle\doc\Psycle Help\instrument_editor_sampulse.png
		..\..\psycle\doc\Psycle Help\instrument_editor_waves.png = ..\..\psycle\doc\Psycle Help\instrument_editor_waves.png
		..\..\psycle\doc\Psycle Help\InstrumentEditor_Sampler.htm = ..\..\psycle\doc\Psycle Help\InstrumentEditor_Sampler.htm
		..\..\psycle\doc\Psycle Help\InstrumentEditor_Sampulse.htm = ..\..\psycle\doc\Psycle Help\InstrumentEditor_Sampulse.htm
		..\..\psycle\doc\Psycle Help\InstrumentEditor_Waves.htm = ..\..\psycle\doc\Psycle Help\InstrumentEditor_Waves.htm
		..\..\psycle\doc\Psycle Help\Internal_Dummy.htm = ..\..\psycle\doc\Psycle Help\Internal_Dummy.htm
		..\..\psycle\doc\Psycle Help\Internal_Duplicator.htm = ..\..\psycle\doc\Psycle Help\Internal_Duplicator.htm
		..\..\psycle\doc\Psycle Help\Internal_Duplicator2.htm = ..\..\psycle\doc\Psycle Help\Internal_Duplicator2.htm
		..\..\psycle\doc\Psycle Help\Internal_Mixer.htm = ..\..\psycle\doc\Psycle Help\Internal_Mixer.htm
		..\..\psycle\doc\Psycle Help\Internal_Wavein.htm = ..\..\psycle\doc\Psycle Help\Internal_Wavein.htm
		..\..\psycle\doc\Psycle Help\InternalMachines.htm = ..\..\psycle\doc\Psycle Help\InternalMachines.htm
		..\..\psycle\doc\Psycle Help\keymap.gif = ..\..\psycle\doc\Psycle Help\keymap.gif
		..\..\psycle\doc\Psycle Help\keymap_ord.gif = ..\..\psycle\doc\Psycle Help\keymap_ord.gif
		..\..\psycle\doc\Psycle Help\Keys.htm = ..\..\psycle\doc\Psycle Help\Keys.htm
		..\..\psycle\doc\Psycle Help\knobexample.png = ..\..\psycle\doc\Psycle Help\knobexample.png
		..\..\psycle\doc\Psycle Help\Log1.log = ..\..\psycle\doc\Psycle Help\Log1.log
		..\..\psycle\doc\Psycle Help\machine.png = ..\..\psycle\doc\Psycle Help\machine.png
		..\..\psycle\doc\Psycle Help\Machine_Add.htm = ..\..\psycle\doc\Psycle Help\Machine_Add.htm
		..\..\psycle\doc\Psycle Help\Machine_GearRack.htm = ..\..\psycle\doc\Psycle Help\Machine_GearRack.htm
		..\..\psycle\doc\Psycle Help\Machine_Master.htm = ..\..\psycle\doc\Psycle Help\Machine_Master.htm
		..\..\psycle\doc\Psycle Help\Machine_Parameters.htm = ..\..\psycle\doc\Psycle Help\Machine_Parameters.htm
		..\..\psycle\doc\Psycle Help\Machine_Properties.htm = ..\..\psycle\doc\Psycle Help\Machine_Properties.htm
		..\..\psycle\doc\Psycle Help\machine_properties.png = ..\..\psycle\doc\Psycle Help\machine_properties.png
		..\..\psycle\doc\Psycle Help\Machine_Types.htm = ..\..\psycle\doc\Psycle Help\Machine_Types.htm
		..\..\psycle\doc\Psycle Help\Machine_Wires.htm = ..\..\psycle\doc\Psycle Help\Machine_Wires.htm
		..\..\psycle\doc\Psycle Help\machinebar_left.png = ..\..\psycle\doc\Psycle Help\machinebar_left.png
		..\..\psycle\doc\Psycle Help\machinebar_lpb.png = ..\..\psycle\doc\Psycle Help\machinebar_lpb.png
		..\..\psycle\doc\Psycle Help\machinebar_machine.png = ..\..\psycle\doc\Psycle Help\machinebar_machine.png
		..\..\psycle\doc\Psycle Help\machinebar_midi.png = ..\..\psycle\doc\Psycle Help\machinebar_midi.png
		..\..\psycle\doc\Psycle Help\machinebar_octave.png = ..\..\psycle\doc\Psycle Help\machinebar_octave.png
		..\..\psycle\doc\Psycle Help\machinebar_params.png = ..\..\psycle\doc\Psycle Help\machinebar_params.png
		..\..\psycle\doc\Psycle Help\machinebar_samples.png = ..\..\psycle\doc\Psycle Help\machinebar_samples.png
		..\..\psycle\doc\Psycle Help\machinebar_tempo.png = ..\..\psycle\doc\Psycle Help\machinebar_tempo.png
		..\..\psycle\doc\Psycle Help\machinebar_tracks.png = ..\..\psycle\doc\Psycle Help\machinebar_tracks.png
		..\..\psycle\doc\Psycle Help\machinemenu.png = ..\..\psycle\doc\Psycle Help\machinemenu.png
		..\..\psycle\doc\Psycle Help\MachineView.htm = ..\..\psycle\doc\Psycle Help\MachineView.htm
		..\..\psycle\doc\Psycle Help\machineview.png = ..\..\psycle\doc\Psycle Help\machineview.png
		..\..\psycle\doc\Psycle Help\master_machine.png = ..\..\psycle\doc\Psycle Help\master_machine.png
		..\..\psycle\doc\Psycle Help\master_skin.png = ..\..\psycle\doc\Psycle Help\master_skin.png
		..\..\psycle\doc\Psycle Help\MenuTree.htm = ..\..\psycle\doc\Psycle Help\MenuTree.htm
		..\..\psycle\doc\Psycle Help\MIDI.htm = ..\..\psycle\doc\Psycle Help\MIDI.htm
		..\..\psycle\doc\Psycle Help\MIDI_Chart.htm = ..\..\psycle\doc\Psycle Help\MIDI_Chart.htm
		..\..\psycle\doc\Psycle Help\MIDI_Limitations.htm = ..\..\psycle\doc\Psycle Help\MIDI_Limitations.htm
		..\..\psycle\doc\Psycle Help\MIDI_Monitor.htm = ..\..\psycle\doc\Psycle Help\MIDI_Monitor.htm
		..\..\psycle\doc\Psycle Help\MIDI_OtherFeat.htm = ..\..\psycle\doc\Psycle Help\MIDI_OtherFeat.htm
		..\..\psycle\doc\Psycle Help\MIDI_Setup.htm = ..\..\psycle\doc\Psycle Help\MIDI_Setup.htm
		..\..\psycle\doc\Psycle Help\MIDI_Sync.htm = ..\..\psycle\doc\Psycle Help\MIDI_Sync.htm
		..\..\psycle\doc\Psycle Help\MIDI_Tips.htm = ..\..\psycle\doc\Psycle Help\MIDI_Tips.htm
		..\..\psycle\doc\Psycle Help\mixer_machine.png = ..\..\psycle\doc\Psycle Help\mixer_machine.png
		..\..\psycle\doc\Psycle Help\mixer_skin.png = ..\..\psycle\doc\Psycle Help\mixer_skin.png
		..\..\psycle\doc\Psycle Help\Mon_CPU.htm = ..\..\psycle\doc\Psycle Help\Mon_CPU.htm
		..\..\psycle\doc\Psycle Help\Monitoring.htm = ..\..\psycle\doc\Psycle Help\Monitoring.htm
		..\..\psycle\doc\Psycle Help\new.jpg = ..\..\psycle\doc\Psycle Help\new.jpg
		..\..\psycle\doc\Psycle Help\note_duplicator.png = ..\..\psycle\doc\Psycle Help\note_duplicator.png
		..\..\psycle\doc\Psycle Help\note_duplicator2.png = ..\..\psycle\doc\Psycle Help\note_duplicator2.png
		..\..\psycle\doc\Psycle Help\open.jpg = ..\..\psycle\doc\Psycle Help\open.jpg
		..\..\psycle\doc\Psycle Help\parameters_native.png = ..\..\psycle\doc\Psycle Help\parameters_native.png
		..\..\psycle\doc\Psycle Help\parameters_vst.png = ..\..\psycle\doc\Psycle Help\parameters_vst.png
		..\..\psycle\doc\Psycle Help\pattern_header_skin.png = ..\..\psycle\doc\Psycle Help\pattern_header_skin.png
		..\..\psycle\doc\Psycle Help\pattern_properties.png = ..\..\psycle\doc\Psycle Help\pattern_properties.png
		..\..\psycle\doc\Psycle Help\pattern_step.png = ..\..\psycle\doc\Psycle Help\pattern_step.png
		..\..\psycle\doc\Psycle Help\PatternEd_command.htm = ..\..\psycle\doc\Psycle Help\PatternEd_command.htm
		..\..\psycle\doc\Psycle Help\PatternEd_Functions.htm = ..\..\psycle\doc\Psycle Help\PatternEd_Functions.htm
		..\..\psycle\doc\Psycle Help\PatternEd_Global.htm = ..\..\psycle\doc\Psycle Help\PatternEd_Global.htm
		..\..\psycle\doc\Psycle Help\PatternEd_Main.htm = ..\..\psycle\doc\Psycle Help\PatternEd_Main.htm
		..\..\psycle\doc\Psycle Help\PatternEd_Notes.htm = ..\..\psycle\doc\Psycle Help\PatternEd_Notes.htm
		..\..\psycle\doc\Psycle Help\PatternEd_Properties.htm = ..\..\psycle\doc\Psycle Help\PatternEd_Properties.htm
		..\..\psycle\doc\Psycle Help\PatternEd_Record.htm = ..\..\psycle\doc\Psycle Help\PatternEd_Record.htm
		..\..\psycle\doc\Psycle Help\PatternEd_Settings.htm = ..\..\psycle\doc\Psycle Help\PatternEd_Settings.htm
		..\..\psycle\doc\Psycle Help\PatternEd_Tweak.htm = ..\..\psycle\doc\Psycle Help\PatternEd_Tweak.htm
		..\..\psycle\doc\Psycle Help\PatternEditor.htm = ..\..\psycle\doc\Psycle Help\PatternEditor.htm
		..\..\psycle\doc\Psycle Help\patterneditor.jpg = ..\..\psycle\doc\Psycle Help\patterneditor.jpg
		..\..\psycle\doc\Psycle Help\play.gif = ..\..\psycle\doc\Psycle Help\play.gif
		..\..\psycle\doc\Psycle Help\Playback.htm = ..\..\psycle\doc\Psycle Help\Playback.htm
		..\..\psycle\doc\Psycle Help\playfromstart.gif = ..\..\psycle\doc\Psycle Help\playfromstart.gif
		..\..\psycle\doc\Psycle Help\playsel.gif = ..\..\psycle\doc\Psycle Help\playsel.gif
		..\..\psycle\doc\Psycle Help\popup-sequence.png = ..\..\psycle\doc\Psycle Help\popup-sequence.png
		..\..\psycle\doc\Psycle Help\Psycle Help.hhp = ..\..\psycle\doc\Psycle Help\Psycle Help.hhp
		..\..\psycle\doc\Psycle Help\psycle.css = ..\..\psycle\doc\Psycle Help\psycle.css
		..\..\psycle\doc\Psycle Help\psycle_logo.jpg = ..\..\psycle\doc\Psycle Help\psycle_logo.jpg
		..\..\psycle\doc\Psycle Help\record.png = ..\..\psycle\doc\Psycle Help\record.png
		..\..\psycle\doc\Psycle Help\render.jpg = ..\..\psycle\doc\Psycle Help\render.jpg
		..\..\psycle\doc\Psycle Help\renderwav.png = ..\..\psycle\doc\Psycle Help\renderwav.png
		..\..\psycle\doc\Psycle Help\sample_editinstr.png = ..\..\psycle\doc\Psycle Help\sample_editinstr.png
		..\..\psycle\doc\Psycle Help\sample_load.png = ..\..\psycle\doc\Psycle Help\sample_load.png
		..\..\psycle\doc\Psycle Help\sample_waveEd.png = ..\..\psycle\doc\Psycle Help\sample_waveEd.png
		..\..\psycle\doc\Psycle Help\SampledAudio.htm = ..\..\psycle\doc\Psycle Help\SampledAudio.htm
		..\..\psycle\doc\Psycle Help\Sampler.htm = ..\..\psycle\doc\Psycle Help\Sampler.htm
		..\..\psycle\doc\Psycle Help\Sampler_Instruments.htm = ..\..\psycle\doc\Psycle Help\Sampler_Instruments.htm
		..\..\psycle\doc\Psycle Help\Sampler_Using.htm = ..\..\psycle\doc\Psycle Help\Sampler_Using.htm
		..\..\psycle\doc\Psycle Help\Sampler_Using_Virtual.htm = ..\..\psycle\doc\Psycle Help\Sampler_Using_Virtual.htm
		..\..\psycle\doc\Psycle Help\Sampler_WaveEditor.htm = ..\..\psycle\doc\Psycle Help\Sampler_WaveEditor.htm
		..\..\psycle\doc\Psycle Help\Sampulse.htm = ..\..\psycle\doc\Psycle Help\Sampulse.htm
		..\..\psycle\doc\Psycle Help\sampulse_amplitudetab.png = ..\..\psycle\doc\Psycle Help\sampulse_amplitudetab.png
		..\..\psycle\doc\Psycle Help\sampulse_delete.png = ..\..\psycle\doc\Psycle Help\sampulse_delete.png
		..\..\psycle\doc\Psycle Help\sampulse_duplicate.png = ..\..\psycle\doc\Psycle Help\sampulse_duplicate.png
		..\..\psycle\doc\Psycle Help\sampulse_evenlopepopup.png = ..\..\psycle\doc\Psycle Help\sampulse_evenlopepopup.png
		..\..\psycle\doc\Psycle Help\sampulse_filtertab.png = ..\..\psycle\doc\Psycle Help\sampulse_filtertab.png
		..\..\psycle\doc\Psycle Help\sampulse_load.png = ..\..\psycle\doc\Psycle Help\sampulse_load.png
		..\..\psycle\doc\Psycle Help\sampulse_mixer.png = ..\..\psycle\doc\Psycle Help\sampulse_mixer.png
		..\..\psycle\doc\Psycle Help\sampulse_notemapping.png = ..\..\psycle\doc\Psycle Help\sampulse_notemapping.png
		..\..\psycle\doc\Psycle Help\sampulse_pantab.png = ..\..\psycle\doc\Psycle Help\sampulse_pantab.png
		..\..\psycle\doc\Psycle Help\sampulse_properties.png = ..\..\psycle\doc\Psycle Help\sampulse_properties.png
		..\..\psycle\doc\Psycle Help\sampulse_save.png = ..\..\psycle\doc\Psycle Help\sampulse_save.png
		..\..\psycle\doc\Psycle Help\save.jpg = ..\..\psycle\doc\Psycle Help\save.jpg
		..\..\psycle\doc\Psycle Help\searchreplace.png = ..\..\psycle\doc\Psycle Help\searchreplace.png
		..\..\psycle\doc\Psycle Help\select_sample.png = ..\..\psycle\doc\Psycle Help\select_sample.png
		..\..\psycle\doc\Psycle Help\selecting_sample.png = ..\..\psycle\doc\Psycle Help\selecting_sample.png
		..\..\psycle\doc\Psycle Help\sequence-names.png = ..\..\psycle\doc\Psycle Help\sequence-names.png
		..\..\psycle\doc\Psycle Help\sequence-numbers.png = ..\..\psycle\doc\Psycle Help\sequence-numbers.png
		..\..\psycle\doc\Psycle Help\SequenceEditor.htm = ..\..\psycle\doc\Psycle Help\SequenceEditor.htm
		..\..\psycle\doc\Psycle Help\sequencerbar.png = ..\..\psycle\doc\Psycle Help\sequencerbar.png
		..\..\psycle\doc\Psycle Help\songbar_left.png = ..\..\psycle\doc\Psycle Help\songbar_left.png
		..\..\psycle\doc\Psycle Help\songbar_left2.png = ..\..\psycle\doc\Psycle Help\songbar_left2.png
		..\..\psycle\doc\Psycle Help\songbar_right.png = ..\..\psycle\doc\Psycle Help\songbar_right.png
		..\..\psycle\doc\Psycle Help\songproperties.png = ..\..\psycle\doc\Psycle Help\songproperties.png
		..\..\psycle\doc\Psycle Help\statusbar_left.jpg = ..\..\psycle\doc\Psycle Help\statusbar_left.jpg
		..\..\psycle\doc\Psycle Help\statusbar_right.jpg = ..\..\psycle\doc\Psycle Help\statusbar_right.jpg
		..\..\psycle\doc\Psycle Help\stop.gif = ..\..\psycle\doc\Psycle Help\stop.gif
		..\..\psycle\doc\Psycle Help\swing_actual_sml.png = ..\..\psycle\doc\Psycle Help\swing_actual_sml.png
		..\..\psycle\doc\Psycle Help\swing_center_sml.png = ..\..\psycle\doc\Psycle Help\swing_center_sml.png
		..\..\psycle\doc\Psycle Help\swing_fill.png = ..\..\psycle\doc\Psycle Help\swing_fill.png
		..\..\psycle\doc\Psycle Help\swing_plain_sml.png = ..\..\psycle\doc\Psycle Help\swing_plain_sml.png
		..\..\psycle\doc\Psycle Help\Table of Contents.hhc = ..\..\psycle\doc\Psycle Help\Table of Contents.hhc
		..\..\psycle\doc\Psycle Help\TipsandTricks.htm = ..\..\psycle\doc\Psycle Help\TipsandTricks.htm
		..\..\psycle\doc\Psycle Help\toolbar_explain.png = ..\..\psycle\doc\Psycle Help\toolbar_explain.png
		..\..\psycle\doc\Psycle Help\Tutorial.htm = ..\..\psycle\doc\Psycle Help\Tutorial.htm
		..\..\psycle\doc\Psycle Help\tutorial_argurusynth.png = ..\..\psycle\doc\Psycle Help\tutorial_argurusynth.png
		..\..\psycle\doc\Psycle Help\Tutorial_Concept1.htm = ..\..\psycle\doc\Psycle Help\Tutorial_Concept1.htm
		..\..\psycle\doc\Psycle Help\Tutorial_Concept2.htm = ..\..\psycle\doc\Psycle Help\Tutorial_Concept2.htm
		..\..\psycle\doc\Psycle Help\tutorial_connect.png = ..\..\psycle\doc\Psycle Help\tutorial_connect.png
		..\..\psycle\doc\Psycle Help\tutorial_master.png = ..\..\psycle\doc\Psycle Help\tutorial_master.png
		..\..\psycle\doc\Psycle Help\Tutorial_Modifying.htm = ..\..\psycle\doc\Psycle Help\Tutorial_Modifying.htm
		..\..\psycle\doc\Psycle Help\Tutorial_Sampler.htm = ..\..\psycle\doc\Psycle Help\Tutorial_Sampler.htm
		..\..\psycle\doc\Psycle Help\Tutorial_Tweaking.htm = ..\..\psycle\doc\Psycle Help\Tutorial_Tweaking.htm
		..\..\psycle\doc\Psycle Help\virtual_sampler.png = ..\..\psycle\doc\Psycle Help\virtual_sampler.png
		..\..\psycle\doc\Psycle Help\virtual_sampulse.png = ..\..\psycle\doc\Psycle Help\virtual_sampulse.png
		..\..\psycle\doc\Psycle Help\wave_editor.png = ..\..\psycle\doc\Psycle Help\wave_editor.png
		..\..\psycle\doc\Psycle Help\waveed_popup.png = ..\..\psycle\doc\Psycle Help\waveed_popup.png
		..\..\psycle\doc\Psycle Help\wavein_machine.png = ..\..\psycle\doc\Psycle Help\wavein_machine.png
		..\..\psycle\doc\Psycle Help\Welcome.htm = ..\..\psycle\doc\Psycle Help\Welcome.htm
		..\..\psycle\doc\Psycle Help\wire.png = ..\..\psycle\doc\Psycle Help\wire.png
		..\..\psycle\doc\Psycle Help\wire_dialog.png = ..\..\psycle\doc\Psycle Help\wire_dialog.png
		..\..\psycle\doc\Psycle Help\wire_pinmapping.png = ..\..\psycle\doc\Psycle Help\wire_pinmapping.png
	EndProjectSection
EndProject
Project("{2150E333-8FDC-42A3-9474-1A3956D46DE8}") = "package standard files", "package standard files", "{7482E448-6F6A-4672-A068-F961CDBAA874}"
	ProjectSection(SolutionItems) = preProject
		..\..\psycle\AUTHORS = ..\..\psycle\AUTHORS
		..\..\psycle\ChangeLog = ..\..\psycle\ChangeLog
		..\..\psycle\HACKING = ..\..\psycle\HACKING
		..\..\psycle\NEWS = ..\..\psycle\NEWS
		..\..\psycle\README = ..\..\psycle\README
		..\..\psycle\TODO = ..\..\psycle\TODO
	EndProjectSection
EndProject
Global
	GlobalSection(SolutionConfigurationPlatforms) = preSolution
		debug|Win32 = debug|Win32
		debug|x64 = debug|x64
		release|Win32 = release|Win32
		release|x64 = release|x64
		unpack|Win32 = unpack|Win32
		unpack|x64 = unpack|x64
	EndGlobalSection
	GlobalSection(ProjectConfigurationPlatforms) = postSolution
		{E30DE414-D82E-475D-9449-3C0E089DEA09}.debug|Win32.ActiveCfg = debug|Win32
		{E30DE414-D82E-475D-9449-3C0E089DEA09}.debug|Win32.Build.0 = debug|Win32
		{E30DE414-D82E-475D-9449-3C0E089DEA09}.debug|x64.ActiveCfg = debug|x64
		{E30DE414-D82E-475D-9449-3C0E089DEA09}.debug|x64.Build.0 = debug|x64
		{E30DE414-D82E-475D-9449-3C0E089DEA09}.release|Win32.ActiveCfg = release|Win32
		{E30DE414-D82E-475D-9449-3C0E089DEA09}.release|Win32.Build.0 = release|Win32
		{E30DE414-D82E-475D-9449-3C0E089DEA09}.release|x64.ActiveCfg = release|x64
		{E30DE414-D82E-475D-9449-3C0E089DEA09}.release|x64.Build.0 = release|x64
		{E30DE414-D82E-475D-9449-3C0E089DEA09}.unpack|Win32.ActiveCfg = release|Win32
		{E30DE414-D82E-475D-9449-3C0E089DEA09}.unpack|x64.ActiveCfg = release|x64
		{E30DE414-D82E-475D-9449-3C0E089DEA09}.unpack|x64.Build.0 = release|x64
		{69C0ACBE-EA31-4F5E-9B41-B2DD73C29DF1}.debug|Win32.ActiveCfg = unpack|Win32
		{69C0ACBE-EA31-4F5E-9B41-B2DD73C29DF1}.debug|Win32.Build.0 = unpack|Win32
		{69C0ACBE-EA31-4F5E-9B41-B2DD73C29DF1}.debug|x64.ActiveCfg = unpack|x64
		{69C0ACBE-EA31-4F5E-9B41-B2DD73C29DF1}.debug|x64.Build.0 = unpack|x64
		{69C0ACBE-EA31-4F5E-9B41-B2DD73C29DF1}.release|Win32.ActiveCfg = unpack|Win32
		{69C0ACBE-EA31-4F5E-9B41-B2DD73C29DF1}.release|Win32.Build.0 = unpack|Win32
		{69C0ACBE-EA31-4F5E-9B41-B2DD73C29DF1}.release|x64.ActiveCfg = unpack|x64
		{69C0ACBE-EA31-4F5E-9B41-B2DD73C29DF1}.release|x64.Build.0 = unpack|x64
		{69C0ACBE-EA31-4F5E-9B41-B2DD73C29DF1}.unpack|Win32.ActiveCfg = unpack|Win32
		{69C0ACBE-EA31-4F5E-9B41-B2DD73C29DF1}.unpack|Win32.Build.0 = unpack|Win32
		{69C0ACBE-EA31-4F5E-9B41-B2DD73C29DF1}.unpack|x64.ActiveCfg = unpack|x64
		{69C0ACBE-EA31-4F5E-9B41-B2DD73C29DF1}.unpack|x64.Build.0 = unpack|x64
		{29C0ACBE-EA30-4F5E-9B41-B2DD71C29DF1}.debug|Win32.ActiveCfg = unpack|Win32
		{29C0ACBE-EA30-4F5E-9B41-B2DD71C29DF1}.debug|Win32.Build.0 = unpack|Win32
		{29C0ACBE-EA30-4F5E-9B41-B2DD71C29DF1}.debug|x64.ActiveCfg = unpack|x64
		{29C0ACBE-EA30-4F5E-9B41-B2DD71C29DF1}.debug|x64.Build.0 = unpack|x64
		{29C0ACBE-EA30-4F5E-9B41-B2DD71C29DF1}.release|Win32.ActiveCfg = unpack|Win32
		{29C0ACBE-EA30-4F5E-9B41-B2DD71C29DF1}.release|Win32.Build.0 = unpack|Win32
		{29C0ACBE-EA30-4F5E-9B41-B2DD71C29DF1}.release|x64.ActiveCfg = unpack|x64
		{29C0ACBE-EA30-4F5E-9B41-B2DD71C29DF1}.release|x64.Build.0 = unpack|x64
		{29C0ACBE-EA30-4F5E-9B41-B2DD71C29DF1}.unpack|Win32.ActiveCfg = unpack|Win32
		{29C0ACBE-EA30-4F5E-9B41-B2DD71C29DF1}.unpack|Win32.Build.0 = unpack|Win32
		{29C0ACBE-EA30-4F5E-9B41-B2DD71C29DF1}.unpack|x64.ActiveCfg = unpack|x64
		{29C0ACBE-EA30-4F5E-9B41-B2DD71C29DF1}.unpack|x64.Build.0 = unpack|x64
		{21F6FB1D-B7DB-4EDB-A2B0-DA1B2F04AF01}.debug|Win32.ActiveCfg = debug|Win32
		{21F6FB1D-B7DB-4EDB-A2B0-DA1B2F04AF01}.debug|Win32.Build.0 = debug|Win32
		{21F6FB1D-B7DB-4EDB-A2B0-DA1B2F04AF01}.debug|x64.ActiveCfg = debug|x64
		{21F6FB1D-B7DB-4EDB-A2B0-DA1B2F04AF01}.debug|x64.Build.0 = debug|x64
		{21F6FB1D-B7DB-4EDB-A2B0-DA1B2F04AF01}.release|Win32.ActiveCfg = release|Win32
		{21F6FB1D-B7DB-4EDB-A2B0-DA1B2F04AF01}.release|Win32.Build.0 = release|Win32
		{21F6FB1D-B7DB-4EDB-A2B0-DA1B2F04AF01}.release|x64.ActiveCfg = release|x64
		{21F6FB1D-B7DB-4EDB-A2B0-DA1B2F04AF01}.release|x64.Build.0 = release|x64
		{21F6FB1D-B7DB-4EDB-A2B0-DA1B2F04AF01}.unpack|Win32.ActiveCfg = release|Win32
		{21F6FB1D-B7DB-4EDB-A2B0-DA1B2F04AF01}.unpack|x64.ActiveCfg = release|x64
		{21F6FB1D-B7DB-4EDB-A2B0-DA1B2F04AF01}.unpack|x64.Build.0 = release|x64
		{C6292BF4-9E87-4176-9101-A3D29D074B35}.debug|Win32.ActiveCfg = debug|Win32
		{C6292BF4-9E87-4176-9101-A3D29D074B35}.debug|Win32.Build.0 = debug|Win32
		{C6292BF4-9E87-4176-9101-A3D29D074B35}.debug|x64.ActiveCfg = debug|x64
		{C6292BF4-9E87-4176-9101-A3D29D074B35}.debug|x64.Build.0 = debug|x64
		{C6292BF4-9E87-4176-9101-A3D29D074B35}.release|Win32.ActiveCfg = release|Win32
		{C6292BF4-9E87-4176-9101-A3D29D074B35}.release|Win32.Build.0 = release|Win32
		{C6292BF4-9E87-4176-9101-A3D29D074B35}.release|x64.ActiveCfg = release|x64
		{C6292BF4-9E87-4176-9101-A3D29D074B35}.release|x64.Build.0 = release|x64
		{C6292BF4-9E87-4176-9101-A3D29D074B35}.unpack|Win32.ActiveCfg = release|Win32
		{C6292BF4-9E87-4176-9101-A3D29D074B35}.unpack|x64.ActiveCfg = release|x64
		{C6292BF4-9E87-4176-9101-A3D29D074B35}.unpack|x64.Build.0 = release|x64
		{B78DFE59-051A-43FD-B489-775A4982581C}.debug|Win32.ActiveCfg = debug|Win32
		{B78DFE59-051A-43FD-B489-775A4982581C}.debug|Win32.Build.0 = debug|Win32
		{B78DFE59-051A-43FD-B489-775A4982581C}.debug|x64.ActiveCfg = debug|x64
		{B78DFE59-051A-43FD-B489-775A4982581C}.debug|x64.Build.0 = debug|x64
		{B78DFE59-051A-43FD-B489-775A4982581C}.release|Win32.ActiveCfg = release|Win32
		{B78DFE59-051A-43FD-B489-775A4982581C}.release|Win32.Build.0 = release|Win32
		{B78DFE59-051A-43FD-B489-775A4982581C}.release|x64.ActiveCfg = release|x64
		{B78DFE59-051A-43FD-B489-775A4982581C}.release|x64.Build.0 = release|x64
		{B78DFE59-051A-43FD-B489-775A4982581C}.unpack|Win32.ActiveCfg = release|Win32
		{B78DFE59-051A-43FD-B489-775A4982581C}.unpack|x64.ActiveCfg = release|x64
		{B78DFE59-051A-43FD-B489-775A4982581C}.unpack|x64.Build.0 = release|x64
		{16F2DEB9-8F35-45C9-B460-732615F0C8D5}.debug|Win32.ActiveCfg = debug|Win32
		{16F2DEB9-8F35-45C9-B460-732615F0C8D5}.debug|Win32.Build.0 = debug|Win32
		{16F2DEB9-8F35-45C9-B460-732615F0C8D5}.debug|x64.ActiveCfg = debug|x64
		{16F2DEB9-8F35-45C9-B460-732615F0C8D5}.debug|x64.Build.0 = debug|x64
		{16F2DEB9-8F35-45C9-B460-732615F0C8D5}.release|Win32.ActiveCfg = release|Win32
		{16F2DEB9-8F35-45C9-B460-732615F0C8D5}.release|Win32.Build.0 = release|Win32
		{16F2DEB9-8F35-45C9-B460-732615F0C8D5}.release|x64.ActiveCfg = release|x64
		{16F2DEB9-8F35-45C9-B460-732615F0C8D5}.release|x64.Build.0 = release|x64
		{16F2DEB9-8F35-45C9-B460-732615F0C8D5}.unpack|Win32.ActiveCfg = release|Win32
		{16F2DEB9-8F35-45C9-B460-732615F0C8D5}.unpack|x64.ActiveCfg = release|x64
		{16F2DEB9-8F35-45C9-B460-732615F0C8D5}.unpack|x64.Build.0 = release|x64
		{3D1A7DAF-F9A8-48BE-AFFE-9B7F690C4B7F}.debug|Win32.ActiveCfg = debug|Win32
		{3D1A7DAF-F9A8-48BE-AFFE-9B7F690C4B7F}.debug|Win32.Build.0 = debug|Win32
		{3D1A7DAF-F9A8-48BE-AFFE-9B7F690C4B7F}.debug|x64.ActiveCfg = debug|x64
		{3D1A7DAF-F9A8-48BE-AFFE-9B7F690C4B7F}.debug|x64.Build.0 = debug|x64
		{3D1A7DAF-F9A8-48BE-AFFE-9B7F690C4B7F}.release|Win32.ActiveCfg = release|Win32
		{3D1A7DAF-F9A8-48BE-AFFE-9B7F690C4B7F}.release|Win32.Build.0 = release|Win32
		{3D1A7DAF-F9A8-48BE-AFFE-9B7F690C4B7F}.release|x64.ActiveCfg = release|x64
		{3D1A7DAF-F9A8-48BE-AFFE-9B7F690C4B7F}.release|x64.Build.0 = release|x64
		{3D1A7DAF-F9A8-48BE-AFFE-9B7F690C4B7F}.unpack|Win32.ActiveCfg = release|Win32
		{3D1A7DAF-F9A8-48BE-AFFE-9B7F690C4B7F}.unpack|x64.ActiveCfg = release|x64
		{3D1A7DAF-F9A8-48BE-AFFE-9B7F690C4B7F}.unpack|x64.Build.0 = release|x64
		{FEE2D9F8-BAD2-D34C-95B9-FB03657990DD}.debug|Win32.ActiveCfg = debug|Win32
		{FEE2D9F8-BAD2-D34C-95B9-FB03657990DD}.debug|Win32.Build.0 = debug|Win32
		{FEE2D9F8-BAD2-D34C-95B9-FB03657990DD}.debug|x64.ActiveCfg = debug|Win32
		{FEE2D9F8-BAD2-D34C-95B9-FB03657990DD}.release|Win32.ActiveCfg = release|Win32
		{FEE2D9F8-BAD2-D34C-95B9-FB03657990DD}.release|Win32.Build.0 = release|Win32
		{FEE2D9F8-BAD2-D34C-95B9-FB03657990DD}.release|x64.ActiveCfg = release|Win32
		{FEE2D9F8-BAD2-D34C-95B9-FB03657990DD}.unpack|Win32.ActiveCfg = release|Win32
		{FEE2D9F8-BAD2-D34C-95B9-FB03657990DD}.unpack|Win32.Build.0 = release|Win32
		{FEE2D9F8-BAD2-D34C-95B9-FB03657990DD}.unpack|x64.ActiveCfg = release|Win32
		{F99FF9ED-D9EA-4EE7-A025-F0A0454C2F40}.debug|Win32.ActiveCfg = debug|Win32
		{F99FF9ED-D9EA-4EE7-A025-F0A0454C2F40}.debug|Win32.Build.0 = debug|Win32
		{F99FF9ED-D9EA-4EE7-A025-F0A0454C2F40}.debug|x64.ActiveCfg = debug|x64
		{F99FF9ED-D9EA-4EE7-A025-F0A0454C2F40}.debug|x64.Build.0 = debug|x64
		{F99FF9ED-D9EA-4EE7-A025-F0A0454C2F40}.release|Win32.ActiveCfg = release|Win32
		{F99FF9ED-D9EA-4EE7-A025-F0A0454C2F40}.release|Win32.Build.0 = release|Win32
		{F99FF9ED-D9EA-4EE7-A025-F0A0454C2F40}.release|x64.ActiveCfg = release|x64
		{F99FF9ED-D9EA-4EE7-A025-F0A0454C2F40}.release|x64.Build.0 = release|x64
		{F99FF9ED-D9EA-4EE7-A025-F0A0454C2F40}.unpack|Win32.ActiveCfg = release|x64
		{F99FF9ED-D9EA-4EE7-A025-F0A0454C2F40}.unpack|x64.ActiveCfg = release|x64
		{F99FF9ED-D9EA-4EE7-A025-F0A0454C2F40}.unpack|x64.Build.0 = release|x64
		{29C0ACBE-EA30-4F5E-9B41-123456789ABC}.debug|Win32.ActiveCfg = unpack|Win32
		{29C0ACBE-EA30-4F5E-9B41-123456789ABC}.debug|Win32.Build.0 = unpack|Win32
		{29C0ACBE-EA30-4F5E-9B41-123456789ABC}.debug|x64.ActiveCfg = unpack|x64
		{29C0ACBE-EA30-4F5E-9B41-123456789ABC}.debug|x64.Build.0 = unpack|x64
		{29C0ACBE-EA30-4F5E-9B41-123456789ABC}.release|Win32.ActiveCfg = unpack|Win32
		{29C0ACBE-EA30-4F5E-9B41-123456789ABC}.release|Win32.Build.0 = unpack|Win32
		{29C0ACBE-EA30-4F5E-9B41-123456789ABC}.release|x64.ActiveCfg = unpack|x64
		{29C0ACBE-EA30-4F5E-9B41-123456789ABC}.release|x64.Build.0 = unpack|x64
		{29C0ACBE-EA30-4F5E-9B41-123456789ABC}.unpack|Win32.ActiveCfg = unpack|Win32
		{29C0ACBE-EA30-4F5E-9B41-123456789ABC}.unpack|Win32.Build.0 = unpack|Win32
		{29C0ACBE-EA30-4F5E-9B41-123456789ABC}.unpack|x64.ActiveCfg = unpack|x64
		{29C0ACBE-EA30-4F5E-9B41-123456789ABC}.unpack|x64.Build.0 = unpack|x64
	EndGlobalSection
	GlobalSection(SolutionProperties) = preSolution
		HideSolutionNode = FALSE
	EndGlobalSection
	GlobalSection(NestedProjects) = preSolution
		{E30DE414-D82E-475D-9449-3C0E089DEA09} = {C86AB79E-DEF2-4E13-BF4B-C82847F79170}
		{69C0ACBE-EA31-4F5E-9B41-B2DD73C29DF1} = {32C63410-6563-47C8-BAAF-4AA94EF5BC55}
		{29C0ACBE-EA30-4F5E-9B41-B2DD71C29DF1} = {32C63410-6563-47C8-BAAF-4AA94EF5BC55}
		{21F6FB1D-B7DB-4EDB-A2B0-DA1B2F04AF01} = {32C63410-6563-47C8-BAAF-4AA94EF5BC55}
		{3D1A7DAF-F9A8-48BE-AFFE-9B7F690C4B7F} = {C86AB79E-DEF2-4E13-BF4B-C82847F79170}
		{9784CD13-4B7D-4C2A-AB18-5F9CCD44C37F} = {E9D78F39-62E1-4F7D-A6E3-03FE654C393D}
		{28C69FF5-2E34-40F1-93C9-5AAF2DA4080A} = {E9D78F39-62E1-4F7D-A6E3-03FE654C393D}
		{150B85B9-4D15-48C7-A365-92E2BCE9DFC5} = {E9D78F39-62E1-4F7D-A6E3-03FE654C393D}
		{FEE2D9F8-BAD2-D34C-95B9-FB03657990DD} = {32C63410-6563-47C8-BAAF-4AA94EF5BC55}
		{F99FF9ED-D9EA-4EE7-A025-F0A0454C2F40} = {32C63410-6563-47C8-BAAF-4AA94EF5BC55}
		{29C0ACBE-EA30-4F5E-9B41-123456789ABC} = {32C63410-6563-47C8-BAAF-4AA94EF5BC55}
		{AD4B8BC2-E25B-42F1-85C4-88888A92F74B} = {92C02519-D580-44F1-B28B-D184E2376406}
		{FAEA5C15-F3BD-4413-9693-C89CCE4B54AF} = {92C02519-D580-44F1-B28B-D184E2376406}
	EndGlobalSection
EndGlobal
