Microsoft Visual Studio Solution File, Format Version 8.00
Project("{8BC9CEB8-8B4A-11D0-8D11-00A0C91BC942}") = "psycle", "projects\psycle\psycle.vcproj", "{C6292BF4-9E87-4176-9101-A3D29D074B35}"
	ProjectSection(ProjectDependencies) = postProject
		{21F6FB1D-B7DB-4EDB-A2B0-DA1B2F04AF01} = {21F6FB1D-B7DB-4EDB-A2B0-DA1B2F04AF01}
		{28C015FB-3BDA-4B32-8D85-C652E9892216} = {28C015FB-3BDA-4B32-8D85-C652E9892216}
	EndProjectSection
EndProject
Project("{8BC9CEB8-8B4A-11D0-8D11-00A0C91BC942}") = "pre_compiled_headers", "projects\pre_compiled_headers\pre_compiled_headers.vcproj", "{3D1A7DAF-F9A8-48BE-AFFE-9B7F690C4B7F}"
	ProjectSection(ProjectDependencies) = postProject
		{29C0ACBE-EA30-4F5E-9B41-B2DD71C29DF1} = {29C0ACBE-EA30-4F5E-9B41-B2DD71C29DF1}
	EndProjectSection
EndProject
Project("{8BC9CEB8-8B4A-11D0-8D11-00A0C91BC942}") = "pre_compiled_headers.mfc", "projects\pre_compiled_headers\pre_compiled_headers.mfc.vcproj", "{28C015FB-3BDA-4B32-8D85-C652E9892216}"
	ProjectSection(ProjectDependencies) = postProject
		{29C0ACBE-EA30-4F5E-9B41-B2DD71C29DF1} = {29C0ACBE-EA30-4F5E-9B41-B2DD71C29DF1}
	EndProjectSection
EndProject
Project("{8BC9CEB8-8B4A-11D0-8D11-00A0C91BC942}") = "psycle.plugins.ayeternal.gainer", "projects\psycle\plugins\gainer.vcproj", "{5EDF4167-AEA5-49BA-9B25-AFCEEF12F5E9}"
	ProjectSection(ProjectDependencies) = postProject
		{3D1A7DAF-F9A8-48BE-AFFE-9B7F690C4B7F} = {3D1A7DAF-F9A8-48BE-AFFE-9B7F690C4B7F}
	EndProjectSection
EndProject
Project("{8BC9CEB8-8B4A-11D0-8D11-00A0C91BC942}") = "psycle.plugins.ayeternal.delay", "projects\psycle\plugins\delay.vcproj", "{F9D890D8-B4BF-4C41-BE8A-9AC222AA396B}"
	ProjectSection(ProjectDependencies) = postProject
		{3D1A7DAF-F9A8-48BE-AFFE-9B7F690C4B7F} = {3D1A7DAF-F9A8-48BE-AFFE-9B7F690C4B7F}
	EndProjectSection
EndProject
Project("{8BC9CEB8-8B4A-11D0-8D11-00A0C91BC942}") = "psycle.plugins.ayeternal.distortion", "projects\psycle\plugins\distortion.vcproj", "{B7971021-83E8-4CC7-A926-DFF0B4530A41}"
	ProjectSection(ProjectDependencies) = postProject
		{3D1A7DAF-F9A8-48BE-AFFE-9B7F690C4B7F} = {3D1A7DAF-F9A8-48BE-AFFE-9B7F690C4B7F}
	EndProjectSection
EndProject
Project("{8BC9CEB8-8B4A-11D0-8D11-00A0C91BC942}") = "psycle.plugins.ayeternal.filter_2_poles", "projects\psycle\plugins\filter_2_poles.vcproj", "{88974F25-2F34-4F4B-99D9-F93B097CD24D}"
	ProjectSection(ProjectDependencies) = postProject
		{3D1A7DAF-F9A8-48BE-AFFE-9B7F690C4B7F} = {3D1A7DAF-F9A8-48BE-AFFE-9B7F690C4B7F}
	EndProjectSection
EndProject
Project("{8BC9CEB8-8B4A-11D0-8D11-00A0C91BC942}") = "psycle.plugins.ayeternal.flanger", "projects\psycle\plugins\flanger.vcproj", "{5E7F1902-C3E3-43DE-A35D-402E42CD78B8}"
	ProjectSection(ProjectDependencies) = postProject
		{3D1A7DAF-F9A8-48BE-AFFE-9B7F690C4B7F} = {3D1A7DAF-F9A8-48BE-AFFE-9B7F690C4B7F}
	EndProjectSection
EndProject
Project("{8BC9CEB8-8B4A-11D0-8D11-00A0C91BC942}") = "psycle.plugins.ayeternal.ring_modulator", "projects\psycle\plugins\ring_modulator.vcproj", "{BA57DEBE-F6E2-412F-B58F-56BD5BBBDB34}"
	ProjectSection(ProjectDependencies) = postProject
		{3D1A7DAF-F9A8-48BE-AFFE-9B7F690C4B7F} = {3D1A7DAF-F9A8-48BE-AFFE-9B7F690C4B7F}
	EndProjectSection
EndProject
Project("{8BC9CEB8-8B4A-11D0-8D11-00A0C91BC942}") = "psycle.plugins.bdzld.negative", "projects\psycle\plugins\negative.vcproj", "{57779BFB-E246-4305-9431-C0639619C17A}"
	ProjectSection(ProjectDependencies) = postProject
		{3D1A7DAF-F9A8-48BE-AFFE-9B7F690C4B7F} = {3D1A7DAF-F9A8-48BE-AFFE-9B7F690C4B7F}
	EndProjectSection
EndProject
Project("{8BC9CEB8-8B4A-11D0-8D11-00A0C91BC942}") = "psycle.plugins.arguru.synth", "projects\psycle\plugins\arguru synth 2f.vcproj", "{4F58513B-F7E3-46CD-8196-9B3E4A07AF20}"
	ProjectSection(ProjectDependencies) = postProject
		{3D1A7DAF-F9A8-48BE-AFFE-9B7F690C4B7F} = {3D1A7DAF-F9A8-48BE-AFFE-9B7F690C4B7F}
	EndProjectSection
EndProject
Project("{8BC9CEB8-8B4A-11D0-8D11-00A0C91BC942}") = "doxygen", "projects\doxygen\doxygen.vcproj", "{7C2EC99A-E859-4DF0-B21F-40F81E97735C}"
	ProjectSection(ProjectDependencies) = postProject
	EndProjectSection
EndProject
Project("{8BC9CEB8-8B4A-11D0-8D11-00A0C91BC942}") = "psycle.plugins.arguru.reverb", "projects\psycle\plugins\arguru reverb.vcproj", "{09671FE7-F7F8-41E2-B12F-910A7CBACE5A}"
	ProjectSection(ProjectDependencies) = postProject
		{3D1A7DAF-F9A8-48BE-AFFE-9B7F690C4B7F} = {3D1A7DAF-F9A8-48BE-AFFE-9B7F690C4B7F}
	EndProjectSection
EndProject
Project("{8BC9CEB8-8B4A-11D0-8D11-00A0C91BC942}") = "asio (steinberg's sdk)", "projects\asio\asio.vcproj", "{21F6FB1D-B7DB-4EDB-A2B0-DA1B2F04AF01}"
	ProjectSection(ProjectDependencies) = postProject
		{28C015FB-3BDA-4B32-8D85-C652E9892216} = {28C015FB-3BDA-4B32-8D85-C652E9892216}
	EndProjectSection
EndProject
Project("{8BC9CEB8-8B4A-11D0-8D11-00A0C91BC942}") = "psycle.plugins.arguru.distortion", "projects\psycle\plugins\arguru distortion.vcproj", "{8ADD9C4A-378B-48D8-9853-4EA253F05186}"
	ProjectSection(ProjectDependencies) = postProject
		{3D1A7DAF-F9A8-48BE-AFFE-9B7F690C4B7F} = {3D1A7DAF-F9A8-48BE-AFFE-9B7F690C4B7F}
	EndProjectSection
EndProject
Project("{8BC9CEB8-8B4A-11D0-8D11-00A0C91BC942}") = "psycle.plugins.yezar.freeverb (aka arguru freeverb, who made the port to psycle)", "projects\psycle\plugins\arguru freeverb.vcproj", "{2911A2EB-A0F2-4C99-802C-ED694E557DE6}"
	ProjectSection(ProjectDependencies) = postProject
		{3D1A7DAF-F9A8-48BE-AFFE-9B7F690C4B7F} = {3D1A7DAF-F9A8-48BE-AFFE-9B7F690C4B7F}
	EndProjectSection
EndProject
Project("{8BC9CEB8-8B4A-11D0-8D11-00A0C91BC942}") = "psycle.plugins.arguru.goaslicer", "projects\psycle\plugins\arguru goaslicer.vcproj", "{6199ABC3-ABFE-4947-8270-D9248CCAC88D}"
	ProjectSection(ProjectDependencies) = postProject
		{3D1A7DAF-F9A8-48BE-AFFE-9B7F690C4B7F} = {3D1A7DAF-F9A8-48BE-AFFE-9B7F690C4B7F}
	EndProjectSection
EndProject
Project("{8BC9CEB8-8B4A-11D0-8D11-00A0C91BC942}") = "psycle.plugins.arguru.xfilter (aka cross-delay)", "projects\psycle\plugins\arguru xfilter.vcproj", "{1B5F9342-46EE-4359-8178-DAB8BB37E979}"
	ProjectSection(ProjectDependencies) = postProject
		{3D1A7DAF-F9A8-48BE-AFFE-9B7F690C4B7F} = {3D1A7DAF-F9A8-48BE-AFFE-9B7F690C4B7F}
	EndProjectSection
EndProject
Project("{8BC9CEB8-8B4A-11D0-8D11-00A0C91BC942}") = "psycle.plugins.jaz.drum (aka Josep-Maria Drum, or JMDrum)", "projects\psycle\plugins\JMDrum.vcproj", "{28D6932C-A980-4A38-AAA0-EDCE59682766}"
	ProjectSection(ProjectDependencies) = postProject
		{3D1A7DAF-F9A8-48BE-AFFE-9B7F690C4B7F} = {3D1A7DAF-F9A8-48BE-AFFE-9B7F690C4B7F}
	EndProjectSection
EndProject
Project("{8BC9CEB8-8B4A-11D0-8D11-00A0C91BC942}") = "psycle.plugins.karlkox.surround", "projects\psycle\plugins\karlkox surround.vcproj", "{511ADAA7-7A6D-45CB-9F3A-7BCBC1DB8E15}"
	ProjectSection(ProjectDependencies) = postProject
		{3D1A7DAF-F9A8-48BE-AFFE-9B7F690C4B7F} = {3D1A7DAF-F9A8-48BE-AFFE-9B7F690C4B7F}
	EndProjectSection
EndProject
Project("{8BC9CEB8-8B4A-11D0-8D11-00A0C91BC942}") = "psycle.plugins.makk.m3", "projects\psycle\plugins\m3.vcproj", "{B7B85261-D124-4CF6-B12A-91D4105B3CDC}"
	ProjectSection(ProjectDependencies) = postProject
		{3D1A7DAF-F9A8-48BE-AFFE-9B7F690C4B7F} = {3D1A7DAF-F9A8-48BE-AFFE-9B7F690C4B7F}
	EndProjectSection
EndProject
Project("{8BC9CEB8-8B4A-11D0-8D11-00A0C91BC942}") = "psycle.plugins.yannis.midi", "projects\psycle\plugins\ymidi.vcproj", "{43FE77F2-4C22-40D0-9527-A15943C83536}"
	ProjectSection(ProjectDependencies) = postProject
		{3D1A7DAF-F9A8-48BE-AFFE-9B7F690C4B7F} = {3D1A7DAF-F9A8-48BE-AFFE-9B7F690C4B7F}
	EndProjectSection
EndProject
Project("{8BC9CEB8-8B4A-11D0-8D11-00A0C91BC942}") = "psycle.plugins.zephod.super_fm", "projects\psycle\plugins\zephod SuperFM.vcproj", "{652E2772-861D-48C6-A710-FDC1078CBA09}"
	ProjectSection(ProjectDependencies) = postProject
		{3D1A7DAF-F9A8-48BE-AFFE-9B7F690C4B7F} = {3D1A7DAF-F9A8-48BE-AFFE-9B7F690C4B7F}
	EndProjectSection
EndProject
Project("{8BC9CEB8-8B4A-11D0-8D11-00A0C91BC942}") = "psycle.plugins.crasher", "projects\psycle\plugins\crasher.vcproj", "{520E5BA9-4E94-45B7-A37F-EEB90EFF86A7}"
	ProjectSection(ProjectDependencies) = postProject
		{3D1A7DAF-F9A8-48BE-AFFE-9B7F690C4B7F} = {3D1A7DAF-F9A8-48BE-AFFE-9B7F690C4B7F}
	EndProjectSection
EndProject
Project("{8BC9CEB8-8B4A-11D0-8D11-00A0C91BC942}") = "psycle.plugins.haas", "projects\psycle\plugins\haas.vcproj", "{16A3B78E-D26B-4057-A524-9158B9559D9F}"
	ProjectSection(ProjectDependencies) = postProject
		{3D1A7DAF-F9A8-48BE-AFFE-9B7F690C4B7F} = {3D1A7DAF-F9A8-48BE-AFFE-9B7F690C4B7F}
	EndProjectSection
EndProject
Project("{8BC9CEB8-8B4A-11D0-8D11-00A0C91BC942}") = "psycle.plugins.stk.plucked (stk wrapper by sartorius)", "projects\psycle\plugins\stk Plucked.vcproj", "{652E2772-861D-48C6-A710-FDC1078CBA09}"
	ProjectSection(ProjectDependencies) = postProject
		{3D1A7DAF-F9A8-48BE-AFFE-9B7F690C4B7F} = {3D1A7DAF-F9A8-48BE-AFFE-9B7F690C4B7F}
	EndProjectSection
EndProject
Project("{8BC9CEB8-8B4A-11D0-8D11-00A0C91BC942}") = "psycle.plugins.stk.shakers (stk wrapper by sartorius)", "projects\psycle\plugins\stk Shakers.vcproj", "{652E2772-861D-48C6-A710-FDC1078CBA09}"
	ProjectSection(ProjectDependencies) = postProject
		{3D1A7DAF-F9A8-48BE-AFFE-9B7F690C4B7F} = {3D1A7DAF-F9A8-48BE-AFFE-9B7F690C4B7F}
	EndProjectSection
EndProject
Project("{8BC9CEB8-8B4A-11D0-8D11-00A0C91BC942}") = "psycle.plugins.schorus", "projects\psycle\plugins\schorus.vcproj", "{8ADD9C4A-378B-48D8-9853-4EA253F05186}"
	ProjectSection(ProjectDependencies) = postProject
		{3D1A7DAF-F9A8-48BE-AFFE-9B7F690C4B7F} = {3D1A7DAF-F9A8-48BE-AFFE-9B7F690C4B7F}
	EndProjectSection
EndProject
Project("{8BC9CEB8-8B4A-11D0-8D11-00A0C91BC942}") = "psycle.plugins.vd.allpass", "projects\psycle\plugins\vdallpass.vcproj", "{09671FE7-F7F8-41E2-B12F-910A7CBACE5A}"
	ProjectSection(ProjectDependencies) = postProject
		{3D1A7DAF-F9A8-48BE-AFFE-9B7F690C4B7F} = {3D1A7DAF-F9A8-48BE-AFFE-9B7F690C4B7F}
	EndProjectSection
EndProject
Project("{8BC9CEB8-8B4A-11D0-8D11-00A0C91BC942}") = "psycle.plugins.vd.echo", "projects\psycle\plugins\vdecho.vcproj", "{09671FE7-F7F8-41E2-B12F-910A7CBACE5A}"
	ProjectSection(ProjectDependencies) = postProject
		{3D1A7DAF-F9A8-48BE-AFFE-9B7F690C4B7F} = {3D1A7DAF-F9A8-48BE-AFFE-9B7F690C4B7F}
	EndProjectSection
EndProject
Project("{8BC9CEB8-8B4A-11D0-8D11-00A0C91BC942}") = "psycle.plugins.vd.noisegate", "projects\psycle\plugins\vdnoisegate.vcproj", "{09671FE7-F7F8-41E2-B12F-910A7CBACE5A}"
	ProjectSection(ProjectDependencies) = postProject
		{3D1A7DAF-F9A8-48BE-AFFE-9B7F690C4B7F} = {3D1A7DAF-F9A8-48BE-AFFE-9B7F690C4B7F}
	EndProjectSection
EndProject
Project("{8BC9CEB8-8B4A-11D0-8D11-00A0C91BC942}") = "psycle.plugins.vd.fastverb", "projects\psycle\plugins\vsfastverb.vcproj", "{09671FE7-F7F8-41E2-B12F-910A7CBACE5A}"
	ProjectSection(ProjectDependencies) = postProject
		{3D1A7DAF-F9A8-48BE-AFFE-9B7F690C4B7F} = {3D1A7DAF-F9A8-48BE-AFFE-9B7F690C4B7F}
	EndProjectSection
EndProject
Project("{8BC9CEB8-8B4A-11D0-8D11-00A0C91BC942}") = "boost", "projects\boost\boost.vcproj", "{29C0ACBE-EA30-4F5E-9B41-B2DD71C29DF1}"
	ProjectSection(ProjectDependencies) = postProject
	EndProjectSection
EndProject
Global
	GlobalSection(SolutionConfiguration) = preSolution
		debug = debug
		documentation = documentation
		release.g6 = release.g6
		release.g7 = release.g7
	EndGlobalSection
	GlobalSection(ProjectConfiguration) = postSolution
		{C6292BF4-9E87-4176-9101-A3D29D074B35}.debug.ActiveCfg = debug|Win32
		{C6292BF4-9E87-4176-9101-A3D29D074B35}.debug.Build.0 = debug|Win32
		{C6292BF4-9E87-4176-9101-A3D29D074B35}.documentation.ActiveCfg = debug|Win32
		{C6292BF4-9E87-4176-9101-A3D29D074B35}.release.g6.ActiveCfg = release.g6|Win32
		{C6292BF4-9E87-4176-9101-A3D29D074B35}.release.g6.Build.0 = release.g6|Win32
		{C6292BF4-9E87-4176-9101-A3D29D074B35}.release.g7.ActiveCfg = release.g7|Win32
		{C6292BF4-9E87-4176-9101-A3D29D074B35}.release.g7.Build.0 = release.g7|Win32
		{3D1A7DAF-F9A8-48BE-AFFE-9B7F690C4B7F}.debug.ActiveCfg = debug|Win32
		{3D1A7DAF-F9A8-48BE-AFFE-9B7F690C4B7F}.debug.Build.0 = debug|Win32
		{3D1A7DAF-F9A8-48BE-AFFE-9B7F690C4B7F}.documentation.ActiveCfg = debug|Win32
		{3D1A7DAF-F9A8-48BE-AFFE-9B7F690C4B7F}.release.g6.ActiveCfg = release.g6|Win32
		{3D1A7DAF-F9A8-48BE-AFFE-9B7F690C4B7F}.release.g6.Build.0 = release.g6|Win32
		{3D1A7DAF-F9A8-48BE-AFFE-9B7F690C4B7F}.release.g7.ActiveCfg = release.g7|Win32
		{3D1A7DAF-F9A8-48BE-AFFE-9B7F690C4B7F}.release.g7.Build.0 = release.g7|Win32
		{28C015FB-3BDA-4B32-8D85-C652E9892216}.debug.ActiveCfg = debug|Win32
		{28C015FB-3BDA-4B32-8D85-C652E9892216}.debug.Build.0 = debug|Win32
		{28C015FB-3BDA-4B32-8D85-C652E9892216}.documentation.ActiveCfg = debug|Win32
		{28C015FB-3BDA-4B32-8D85-C652E9892216}.release.g6.ActiveCfg = release.g6|Win32
		{28C015FB-3BDA-4B32-8D85-C652E9892216}.release.g6.Build.0 = release.g6|Win32
		{28C015FB-3BDA-4B32-8D85-C652E9892216}.release.g7.ActiveCfg = release.g7|Win32
		{28C015FB-3BDA-4B32-8D85-C652E9892216}.release.g7.Build.0 = release.g7|Win32
		{5EDF4167-AEA5-49BA-9B25-AFCEEF12F5E9}.debug.ActiveCfg = debug|Win32
		{5EDF4167-AEA5-49BA-9B25-AFCEEF12F5E9}.debug.Build.0 = debug|Win32
		{5EDF4167-AEA5-49BA-9B25-AFCEEF12F5E9}.documentation.ActiveCfg = debug|Win32
		{5EDF4167-AEA5-49BA-9B25-AFCEEF12F5E9}.release.g6.ActiveCfg = release.g6|Win32
		{5EDF4167-AEA5-49BA-9B25-AFCEEF12F5E9}.release.g6.Build.0 = release.g6|Win32
		{5EDF4167-AEA5-49BA-9B25-AFCEEF12F5E9}.release.g7.ActiveCfg = release.g7|Win32
		{5EDF4167-AEA5-49BA-9B25-AFCEEF12F5E9}.release.g7.Build.0 = release.g7|Win32
		{F9D890D8-B4BF-4C41-BE8A-9AC222AA396B}.debug.ActiveCfg = debug|Win32
		{F9D890D8-B4BF-4C41-BE8A-9AC222AA396B}.debug.Build.0 = debug|Win32
		{F9D890D8-B4BF-4C41-BE8A-9AC222AA396B}.documentation.ActiveCfg = debug|Win32
		{F9D890D8-B4BF-4C41-BE8A-9AC222AA396B}.release.g6.ActiveCfg = release.g6|Win32
		{F9D890D8-B4BF-4C41-BE8A-9AC222AA396B}.release.g6.Build.0 = release.g6|Win32
		{F9D890D8-B4BF-4C41-BE8A-9AC222AA396B}.release.g7.ActiveCfg = release.g7|Win32
		{F9D890D8-B4BF-4C41-BE8A-9AC222AA396B}.release.g7.Build.0 = release.g7|Win32
		{B7971021-83E8-4CC7-A926-DFF0B4530A41}.debug.ActiveCfg = debug|Win32
		{B7971021-83E8-4CC7-A926-DFF0B4530A41}.debug.Build.0 = debug|Win32
		{B7971021-83E8-4CC7-A926-DFF0B4530A41}.documentation.ActiveCfg = debug|Win32
		{B7971021-83E8-4CC7-A926-DFF0B4530A41}.release.g6.ActiveCfg = release.g6|Win32
		{B7971021-83E8-4CC7-A926-DFF0B4530A41}.release.g6.Build.0 = release.g6|Win32
		{B7971021-83E8-4CC7-A926-DFF0B4530A41}.release.g7.ActiveCfg = release.g7|Win32
		{B7971021-83E8-4CC7-A926-DFF0B4530A41}.release.g7.Build.0 = release.g7|Win32
		{88974F25-2F34-4F4B-99D9-F93B097CD24D}.debug.ActiveCfg = debug|Win32
		{88974F25-2F34-4F4B-99D9-F93B097CD24D}.debug.Build.0 = debug|Win32
		{88974F25-2F34-4F4B-99D9-F93B097CD24D}.documentation.ActiveCfg = debug|Win32
		{88974F25-2F34-4F4B-99D9-F93B097CD24D}.release.g6.ActiveCfg = release.g6|Win32
		{88974F25-2F34-4F4B-99D9-F93B097CD24D}.release.g6.Build.0 = release.g6|Win32
		{88974F25-2F34-4F4B-99D9-F93B097CD24D}.release.g7.ActiveCfg = release.g7|Win32
		{88974F25-2F34-4F4B-99D9-F93B097CD24D}.release.g7.Build.0 = release.g7|Win32
		{5E7F1902-C3E3-43DE-A35D-402E42CD78B8}.debug.ActiveCfg = debug|Win32
		{5E7F1902-C3E3-43DE-A35D-402E42CD78B8}.debug.Build.0 = debug|Win32
		{5E7F1902-C3E3-43DE-A35D-402E42CD78B8}.documentation.ActiveCfg = debug|Win32
		{5E7F1902-C3E3-43DE-A35D-402E42CD78B8}.release.g6.ActiveCfg = release.g6|Win32
		{5E7F1902-C3E3-43DE-A35D-402E42CD78B8}.release.g6.Build.0 = release.g6|Win32
		{5E7F1902-C3E3-43DE-A35D-402E42CD78B8}.release.g7.ActiveCfg = release.g7|Win32
		{5E7F1902-C3E3-43DE-A35D-402E42CD78B8}.release.g7.Build.0 = release.g7|Win32
		{BA57DEBE-F6E2-412F-B58F-56BD5BBBDB34}.debug.ActiveCfg = debug|Win32
		{BA57DEBE-F6E2-412F-B58F-56BD5BBBDB34}.debug.Build.0 = debug|Win32
		{BA57DEBE-F6E2-412F-B58F-56BD5BBBDB34}.documentation.ActiveCfg = debug|Win32
		{BA57DEBE-F6E2-412F-B58F-56BD5BBBDB34}.release.g6.ActiveCfg = release.g6|Win32
		{BA57DEBE-F6E2-412F-B58F-56BD5BBBDB34}.release.g6.Build.0 = release.g6|Win32
		{BA57DEBE-F6E2-412F-B58F-56BD5BBBDB34}.release.g7.ActiveCfg = release.g7|Win32
		{BA57DEBE-F6E2-412F-B58F-56BD5BBBDB34}.release.g7.Build.0 = release.g7|Win32
		{57779BFB-E246-4305-9431-C0639619C17A}.debug.ActiveCfg = debug|Win32
		{57779BFB-E246-4305-9431-C0639619C17A}.debug.Build.0 = debug|Win32
		{57779BFB-E246-4305-9431-C0639619C17A}.documentation.ActiveCfg = debug|Win32
		{57779BFB-E246-4305-9431-C0639619C17A}.release.g6.ActiveCfg = release.g6|Win32
		{57779BFB-E246-4305-9431-C0639619C17A}.release.g6.Build.0 = release.g6|Win32
		{57779BFB-E246-4305-9431-C0639619C17A}.release.g7.ActiveCfg = release.g7|Win32
		{57779BFB-E246-4305-9431-C0639619C17A}.release.g7.Build.0 = release.g7|Win32
		{4F58513B-F7E3-46CD-8196-9B3E4A07AF20}.debug.ActiveCfg = debug|Win32
		{4F58513B-F7E3-46CD-8196-9B3E4A07AF20}.debug.Build.0 = debug|Win32
		{4F58513B-F7E3-46CD-8196-9B3E4A07AF20}.documentation.ActiveCfg = debug|Win32
		{4F58513B-F7E3-46CD-8196-9B3E4A07AF20}.release.g6.ActiveCfg = release.g6|Win32
		{4F58513B-F7E3-46CD-8196-9B3E4A07AF20}.release.g6.Build.0 = release.g6|Win32
		{4F58513B-F7E3-46CD-8196-9B3E4A07AF20}.release.g7.ActiveCfg = release.g7|Win32
		{4F58513B-F7E3-46CD-8196-9B3E4A07AF20}.release.g7.Build.0 = release.g7|Win32
		{7C2EC99A-E859-4DF0-B21F-40F81E97735C}.debug.ActiveCfg = html|Win32
		{7C2EC99A-E859-4DF0-B21F-40F81E97735C}.documentation.ActiveCfg = html|Win32
		{7C2EC99A-E859-4DF0-B21F-40F81E97735C}.documentation.Build.0 = html|Win32
		{7C2EC99A-E859-4DF0-B21F-40F81E97735C}.release.g6.ActiveCfg = html|Win32
		{7C2EC99A-E859-4DF0-B21F-40F81E97735C}.release.g7.ActiveCfg = html|Win32
		{09671FE7-F7F8-41E2-B12F-910A7CBACE5A}.debug.ActiveCfg = debug|Win32
		{09671FE7-F7F8-41E2-B12F-910A7CBACE5A}.debug.Build.0 = debug|Win32
		{09671FE7-F7F8-41E2-B12F-910A7CBACE5A}.documentation.ActiveCfg = debug|Win32
		{09671FE7-F7F8-41E2-B12F-910A7CBACE5A}.release.g6.ActiveCfg = release.g6|Win32
		{09671FE7-F7F8-41E2-B12F-910A7CBACE5A}.release.g6.Build.0 = release.g6|Win32
		{09671FE7-F7F8-41E2-B12F-910A7CBACE5A}.release.g7.ActiveCfg = release.g7|Win32
		{09671FE7-F7F8-41E2-B12F-910A7CBACE5A}.release.g7.Build.0 = release.g7|Win32
		{21F6FB1D-B7DB-4EDB-A2B0-DA1B2F04AF01}.debug.ActiveCfg = debug|Win32
		{21F6FB1D-B7DB-4EDB-A2B0-DA1B2F04AF01}.debug.Build.0 = debug|Win32
		{21F6FB1D-B7DB-4EDB-A2B0-DA1B2F04AF01}.documentation.ActiveCfg = debug|Win32
		{21F6FB1D-B7DB-4EDB-A2B0-DA1B2F04AF01}.release.g6.ActiveCfg = release.g6|Win32
		{21F6FB1D-B7DB-4EDB-A2B0-DA1B2F04AF01}.release.g6.Build.0 = release.g6|Win32
		{21F6FB1D-B7DB-4EDB-A2B0-DA1B2F04AF01}.release.g7.ActiveCfg = release.g7|Win32
		{21F6FB1D-B7DB-4EDB-A2B0-DA1B2F04AF01}.release.g7.Build.0 = release.g7|Win32
		{8ADD9C4A-378B-48D8-9853-4EA253F05186}.debug.ActiveCfg = debug|Win32
		{8ADD9C4A-378B-48D8-9853-4EA253F05186}.debug.Build.0 = debug|Win32
		{8ADD9C4A-378B-48D8-9853-4EA253F05186}.documentation.ActiveCfg = debug|Win32
		{8ADD9C4A-378B-48D8-9853-4EA253F05186}.release.g6.ActiveCfg = release.g6|Win32
		{8ADD9C4A-378B-48D8-9853-4EA253F05186}.release.g6.Build.0 = release.g6|Win32
		{8ADD9C4A-378B-48D8-9853-4EA253F05186}.release.g7.ActiveCfg = release.g7|Win32
		{8ADD9C4A-378B-48D8-9853-4EA253F05186}.release.g7.Build.0 = release.g7|Win32
		{2911A2EB-A0F2-4C99-802C-ED694E557DE6}.debug.ActiveCfg = debug|Win32
		{2911A2EB-A0F2-4C99-802C-ED694E557DE6}.debug.Build.0 = debug|Win32
		{2911A2EB-A0F2-4C99-802C-ED694E557DE6}.documentation.ActiveCfg = debug|Win32
		{2911A2EB-A0F2-4C99-802C-ED694E557DE6}.release.g6.ActiveCfg = release.g6|Win32
		{2911A2EB-A0F2-4C99-802C-ED694E557DE6}.release.g6.Build.0 = release.g6|Win32
		{2911A2EB-A0F2-4C99-802C-ED694E557DE6}.release.g7.ActiveCfg = release.g7|Win32
		{2911A2EB-A0F2-4C99-802C-ED694E557DE6}.release.g7.Build.0 = release.g7|Win32
		{6199ABC3-ABFE-4947-8270-D9248CCAC88D}.debug.ActiveCfg = debug|Win32
		{6199ABC3-ABFE-4947-8270-D9248CCAC88D}.debug.Build.0 = debug|Win32
		{6199ABC3-ABFE-4947-8270-D9248CCAC88D}.documentation.ActiveCfg = debug|Win32
		{6199ABC3-ABFE-4947-8270-D9248CCAC88D}.release.g6.ActiveCfg = release.g6|Win32
		{6199ABC3-ABFE-4947-8270-D9248CCAC88D}.release.g6.Build.0 = release.g6|Win32
		{6199ABC3-ABFE-4947-8270-D9248CCAC88D}.release.g7.ActiveCfg = release.g7|Win32
		{6199ABC3-ABFE-4947-8270-D9248CCAC88D}.release.g7.Build.0 = release.g7|Win32
		{1B5F9342-46EE-4359-8178-DAB8BB37E979}.debug.ActiveCfg = debug|Win32
		{1B5F9342-46EE-4359-8178-DAB8BB37E979}.debug.Build.0 = debug|Win32
		{1B5F9342-46EE-4359-8178-DAB8BB37E979}.documentation.ActiveCfg = debug|Win32
		{1B5F9342-46EE-4359-8178-DAB8BB37E979}.release.g6.ActiveCfg = release.g6|Win32
		{1B5F9342-46EE-4359-8178-DAB8BB37E979}.release.g6.Build.0 = release.g6|Win32
		{1B5F9342-46EE-4359-8178-DAB8BB37E979}.release.g7.ActiveCfg = release.g7|Win32
		{1B5F9342-46EE-4359-8178-DAB8BB37E979}.release.g7.Build.0 = release.g7|Win32
		{28D6932C-A980-4A38-AAA0-EDCE59682766}.debug.ActiveCfg = debug|Win32
		{28D6932C-A980-4A38-AAA0-EDCE59682766}.debug.Build.0 = debug|Win32
		{28D6932C-A980-4A38-AAA0-EDCE59682766}.documentation.ActiveCfg = debug|Win32
		{28D6932C-A980-4A38-AAA0-EDCE59682766}.release.g6.ActiveCfg = release.g6|Win32
		{28D6932C-A980-4A38-AAA0-EDCE59682766}.release.g6.Build.0 = release.g6|Win32
		{28D6932C-A980-4A38-AAA0-EDCE59682766}.release.g7.ActiveCfg = release.g7|Win32
		{28D6932C-A980-4A38-AAA0-EDCE59682766}.release.g7.Build.0 = release.g7|Win32
		{511ADAA7-7A6D-45CB-9F3A-7BCBC1DB8E15}.debug.ActiveCfg = debug|Win32
		{511ADAA7-7A6D-45CB-9F3A-7BCBC1DB8E15}.debug.Build.0 = debug|Win32
		{511ADAA7-7A6D-45CB-9F3A-7BCBC1DB8E15}.documentation.ActiveCfg = debug|Win32
		{511ADAA7-7A6D-45CB-9F3A-7BCBC1DB8E15}.release.g6.ActiveCfg = release.g6|Win32
		{511ADAA7-7A6D-45CB-9F3A-7BCBC1DB8E15}.release.g6.Build.0 = release.g6|Win32
		{511ADAA7-7A6D-45CB-9F3A-7BCBC1DB8E15}.release.g7.ActiveCfg = release.g7|Win32
		{511ADAA7-7A6D-45CB-9F3A-7BCBC1DB8E15}.release.g7.Build.0 = release.g7|Win32
		{B7B85261-D124-4CF6-B12A-91D4105B3CDC}.debug.ActiveCfg = debug|Win32
		{B7B85261-D124-4CF6-B12A-91D4105B3CDC}.debug.Build.0 = debug|Win32
		{B7B85261-D124-4CF6-B12A-91D4105B3CDC}.documentation.ActiveCfg = debug|Win32
		{B7B85261-D124-4CF6-B12A-91D4105B3CDC}.release.g6.ActiveCfg = release.g6|Win32
		{B7B85261-D124-4CF6-B12A-91D4105B3CDC}.release.g6.Build.0 = release.g6|Win32
		{B7B85261-D124-4CF6-B12A-91D4105B3CDC}.release.g7.ActiveCfg = release.g7|Win32
		{B7B85261-D124-4CF6-B12A-91D4105B3CDC}.release.g7.Build.0 = release.g7|Win32
		{43FE77F2-4C22-40D0-9527-A15943C83536}.debug.ActiveCfg = debug|Win32
		{43FE77F2-4C22-40D0-9527-A15943C83536}.debug.Build.0 = debug|Win32
		{43FE77F2-4C22-40D0-9527-A15943C83536}.documentation.ActiveCfg = debug|Win32
		{43FE77F2-4C22-40D0-9527-A15943C83536}.release.g6.ActiveCfg = release.g6|Win32
		{43FE77F2-4C22-40D0-9527-A15943C83536}.release.g6.Build.0 = release.g6|Win32
		{43FE77F2-4C22-40D0-9527-A15943C83536}.release.g7.ActiveCfg = release.g7|Win32
		{43FE77F2-4C22-40D0-9527-A15943C83536}.release.g7.Build.0 = release.g7|Win32
		{652E2772-861D-48C6-A710-FDC1078CBA09}.debug.ActiveCfg = debug|Win32
		{652E2772-861D-48C6-A710-FDC1078CBA09}.debug.Build.0 = debug|Win32
		{652E2772-861D-48C6-A710-FDC1078CBA09}.documentation.ActiveCfg = debug|Win32
		{652E2772-861D-48C6-A710-FDC1078CBA09}.release.g6.ActiveCfg = release.g6|Win32
		{652E2772-861D-48C6-A710-FDC1078CBA09}.release.g6.Build.0 = release.g6|Win32
		{652E2772-861D-48C6-A710-FDC1078CBA09}.release.g7.ActiveCfg = release.g7|Win32
		{652E2772-861D-48C6-A710-FDC1078CBA09}.release.g7.Build.0 = release.g7|Win32
		{520E5BA9-4E94-45B7-A37F-EEB90EFF86A7}.debug.ActiveCfg = debug|Win32
		{520E5BA9-4E94-45B7-A37F-EEB90EFF86A7}.debug.Build.0 = debug|Win32
		{520E5BA9-4E94-45B7-A37F-EEB90EFF86A7}.documentation.ActiveCfg = debug|Win32
		{520E5BA9-4E94-45B7-A37F-EEB90EFF86A7}.release.g6.ActiveCfg = release.g6|Win32
		{520E5BA9-4E94-45B7-A37F-EEB90EFF86A7}.release.g6.Build.0 = release.g6|Win32
		{520E5BA9-4E94-45B7-A37F-EEB90EFF86A7}.release.g7.ActiveCfg = release.g7|Win32
		{520E5BA9-4E94-45B7-A37F-EEB90EFF86A7}.release.g7.Build.0 = release.g7|Win32
		{16A3B78E-D26B-4057-A524-9158B9559D9F}.debug.ActiveCfg = debug|Win32
		{16A3B78E-D26B-4057-A524-9158B9559D9F}.debug.Build.0 = debug|Win32
		{16A3B78E-D26B-4057-A524-9158B9559D9F}.documentation.ActiveCfg = debug|Win32
		{16A3B78E-D26B-4057-A524-9158B9559D9F}.release.g6.ActiveCfg = release.g6|Win32
		{16A3B78E-D26B-4057-A524-9158B9559D9F}.release.g6.Build.0 = release.g6|Win32
		{16A3B78E-D26B-4057-A524-9158B9559D9F}.release.g7.ActiveCfg = release.g7|Win32
		{16A3B78E-D26B-4057-A524-9158B9559D9F}.release.g7.Build.0 = release.g7|Win32
		{652E2772-861D-48C6-A710-FDC1078CBA09}.debug.ActiveCfg = debug|Win32
		{652E2772-861D-48C6-A710-FDC1078CBA09}.debug.Build.0 = debug|Win32
		{652E2772-861D-48C6-A710-FDC1078CBA09}.documentation.ActiveCfg = debug|Win32
		{652E2772-861D-48C6-A710-FDC1078CBA09}.release.g6.ActiveCfg = release.g6|Win32
		{652E2772-861D-48C6-A710-FDC1078CBA09}.release.g6.Build.0 = release.g6|Win32
		{652E2772-861D-48C6-A710-FDC1078CBA09}.release.g7.ActiveCfg = release.g7|Win32
		{652E2772-861D-48C6-A710-FDC1078CBA09}.release.g7.Build.0 = release.g7|Win32
		{652E2772-861D-48C6-A710-FDC1078CBA09}.debug.ActiveCfg = debug|Win32
		{652E2772-861D-48C6-A710-FDC1078CBA09}.debug.Build.0 = debug|Win32
		{652E2772-861D-48C6-A710-FDC1078CBA09}.documentation.ActiveCfg = debug|Win32
		{652E2772-861D-48C6-A710-FDC1078CBA09}.release.g6.ActiveCfg = release.g6|Win32
		{652E2772-861D-48C6-A710-FDC1078CBA09}.release.g6.Build.0 = release.g6|Win32
		{652E2772-861D-48C6-A710-FDC1078CBA09}.release.g7.ActiveCfg = release.g7|Win32
		{652E2772-861D-48C6-A710-FDC1078CBA09}.release.g7.Build.0 = release.g7|Win32
		{8ADD9C4A-378B-48D8-9853-4EA253F05186}.debug.ActiveCfg = debug|Win32
		{8ADD9C4A-378B-48D8-9853-4EA253F05186}.debug.Build.0 = debug|Win32
		{8ADD9C4A-378B-48D8-9853-4EA253F05186}.documentation.ActiveCfg = debug|Win32
		{8ADD9C4A-378B-48D8-9853-4EA253F05186}.release.g6.ActiveCfg = release.g6|Win32
		{8ADD9C4A-378B-48D8-9853-4EA253F05186}.release.g6.Build.0 = release.g6|Win32
		{8ADD9C4A-378B-48D8-9853-4EA253F05186}.release.g7.ActiveCfg = release.g7|Win32
		{8ADD9C4A-378B-48D8-9853-4EA253F05186}.release.g7.Build.0 = release.g7|Win32
		{09671FE7-F7F8-41E2-B12F-910A7CBACE5A}.debug.ActiveCfg = debug|Win32
		{09671FE7-F7F8-41E2-B12F-910A7CBACE5A}.debug.Build.0 = debug|Win32
		{09671FE7-F7F8-41E2-B12F-910A7CBACE5A}.documentation.ActiveCfg = debug|Win32
		{09671FE7-F7F8-41E2-B12F-910A7CBACE5A}.release.g6.ActiveCfg = release.g6|Win32
		{09671FE7-F7F8-41E2-B12F-910A7CBACE5A}.release.g6.Build.0 = release.g6|Win32
		{09671FE7-F7F8-41E2-B12F-910A7CBACE5A}.release.g7.ActiveCfg = release.g7|Win32
		{09671FE7-F7F8-41E2-B12F-910A7CBACE5A}.release.g7.Build.0 = release.g7|Win32
		{09671FE7-F7F8-41E2-B12F-910A7CBACE5A}.debug.ActiveCfg = debug|Win32
		{09671FE7-F7F8-41E2-B12F-910A7CBACE5A}.debug.Build.0 = debug|Win32
		{09671FE7-F7F8-41E2-B12F-910A7CBACE5A}.documentation.ActiveCfg = debug|Win32
		{09671FE7-F7F8-41E2-B12F-910A7CBACE5A}.release.g6.ActiveCfg = release.g6|Win32
		{09671FE7-F7F8-41E2-B12F-910A7CBACE5A}.release.g6.Build.0 = release.g6|Win32
		{09671FE7-F7F8-41E2-B12F-910A7CBACE5A}.release.g7.ActiveCfg = release.g7|Win32
		{09671FE7-F7F8-41E2-B12F-910A7CBACE5A}.release.g7.Build.0 = release.g7|Win32
		{09671FE7-F7F8-41E2-B12F-910A7CBACE5A}.debug.ActiveCfg = debug|Win32
		{09671FE7-F7F8-41E2-B12F-910A7CBACE5A}.debug.Build.0 = debug|Win32
		{09671FE7-F7F8-41E2-B12F-910A7CBACE5A}.documentation.ActiveCfg = debug|Win32
		{09671FE7-F7F8-41E2-B12F-910A7CBACE5A}.release.g6.ActiveCfg = release.g6|Win32
		{09671FE7-F7F8-41E2-B12F-910A7CBACE5A}.release.g6.Build.0 = release.g6|Win32
		{09671FE7-F7F8-41E2-B12F-910A7CBACE5A}.release.g7.ActiveCfg = release.g7|Win32
		{09671FE7-F7F8-41E2-B12F-910A7CBACE5A}.release.g7.Build.0 = release.g7|Win32
		{09671FE7-F7F8-41E2-B12F-910A7CBACE5A}.debug.ActiveCfg = debug|Win32
		{09671FE7-F7F8-41E2-B12F-910A7CBACE5A}.debug.Build.0 = debug|Win32
		{09671FE7-F7F8-41E2-B12F-910A7CBACE5A}.documentation.ActiveCfg = debug|Win32
		{09671FE7-F7F8-41E2-B12F-910A7CBACE5A}.release.g6.ActiveCfg = release.g6|Win32
		{09671FE7-F7F8-41E2-B12F-910A7CBACE5A}.release.g6.Build.0 = release.g6|Win32
		{09671FE7-F7F8-41E2-B12F-910A7CBACE5A}.release.g7.ActiveCfg = release.g7|Win32
		{09671FE7-F7F8-41E2-B12F-910A7CBACE5A}.release.g7.Build.0 = release.g7|Win32
		{29C0ACBE-EA30-4F5E-9B41-B2DD71C29DF1}.debug.ActiveCfg = unique|Win32
		{29C0ACBE-EA30-4F5E-9B41-B2DD71C29DF1}.debug.Build.0 = unique|Win32
		{29C0ACBE-EA30-4F5E-9B41-B2DD71C29DF1}.documentation.ActiveCfg = unique|Win32
		{29C0ACBE-EA30-4F5E-9B41-B2DD71C29DF1}.release.g6.ActiveCfg = unique|Win32
		{29C0ACBE-EA30-4F5E-9B41-B2DD71C29DF1}.release.g6.Build.0 = unique|Win32
		{29C0ACBE-EA30-4F5E-9B41-B2DD71C29DF1}.release.g7.ActiveCfg = unique|Win32
		{29C0ACBE-EA30-4F5E-9B41-B2DD71C29DF1}.release.g7.Build.0 = unique|Win32
	EndGlobalSection
	GlobalSection(ExtensibilityGlobals) = postSolution
	EndGlobalSection
	GlobalSection(ExtensibilityAddIns) = postSolution
	EndGlobalSection
EndGlobal
