Microsoft Visual Studio Solution File, Format Version 8.00
Project("{8BC9CEB8-8B4A-11D0-8D11-00A0C91BC942}") = "pre_compiled_headers", "projects\pre_compiled_headers.vcproj", "{3D1A7DAF-F9A8-48BE-AFFE-9B7F690C4B7F}"
	ProjectSection(ProjectDependencies) = postProject
	EndProjectSection
EndProject
Project("{8BC9CEB8-8B4A-11D0-8D11-00A0C91BC942}") = "pre_compiled_headers__mfc", "projects\pre_compiled_headers__mfc.vcproj", "{28C015FB-3BDA-4B32-8D85-C652E9892216}"
	ProjectSection(ProjectDependencies) = postProject
	EndProjectSection
EndProject
Project("{8BC9CEB8-8B4A-11D0-8D11-00A0C91BC942}") = "psycle", "projects\psycle\psycle.vcproj", "{C6292BF4-9E87-4176-9101-A3D29D074B35}"
	ProjectSection(ProjectDependencies) = postProject
		{28C015FB-3BDA-4B32-8D85-C652E9892216} = {28C015FB-3BDA-4B32-8D85-C652E9892216}
	EndProjectSection
EndProject
Project("{8BC9CEB8-8B4A-11D0-8D11-00A0C91BC942}") = "psycle__plugin__gainer", "projects\psycle\plugins\gainer.vcproj", "{5EDF4167-AEA5-49BA-9B25-AFCEEF12F5E9}"
	ProjectSection(ProjectDependencies) = postProject
		{3D1A7DAF-F9A8-48BE-AFFE-9B7F690C4B7F} = {3D1A7DAF-F9A8-48BE-AFFE-9B7F690C4B7F}
	EndProjectSection
EndProject
Project("{8BC9CEB8-8B4A-11D0-8D11-00A0C91BC942}") = "psycle__plugin__delay", "projects\psycle\plugins\delay.vcproj", "{F9D890D8-B4BF-4C41-BE8A-9AC222AA396B}"
	ProjectSection(ProjectDependencies) = postProject
		{3D1A7DAF-F9A8-48BE-AFFE-9B7F690C4B7F} = {3D1A7DAF-F9A8-48BE-AFFE-9B7F690C4B7F}
	EndProjectSection
EndProject
Project("{8BC9CEB8-8B4A-11D0-8D11-00A0C91BC942}") = "psycle__plugin__distortion", "projects\psycle\plugins\distortion.vcproj", "{B7971021-83E8-4CC7-A926-DFF0B4530A41}"
	ProjectSection(ProjectDependencies) = postProject
		{3D1A7DAF-F9A8-48BE-AFFE-9B7F690C4B7F} = {3D1A7DAF-F9A8-48BE-AFFE-9B7F690C4B7F}
	EndProjectSection
EndProject
Project("{8BC9CEB8-8B4A-11D0-8D11-00A0C91BC942}") = "psycle__plugin__filter_2_poles", "projects\psycle\plugins\filter_2_poles.vcproj", "{88974F25-2F34-4F4B-99D9-F93B097CD24D}"
	ProjectSection(ProjectDependencies) = postProject
		{3D1A7DAF-F9A8-48BE-AFFE-9B7F690C4B7F} = {3D1A7DAF-F9A8-48BE-AFFE-9B7F690C4B7F}
	EndProjectSection
EndProject
Project("{8BC9CEB8-8B4A-11D0-8D11-00A0C91BC942}") = "psycle__plugin__flanger", "projects\psycle\plugins\flanger.vcproj", "{5E7F1902-C3E3-43DE-A35D-402E42CD78B8}"
	ProjectSection(ProjectDependencies) = postProject
		{3D1A7DAF-F9A8-48BE-AFFE-9B7F690C4B7F} = {3D1A7DAF-F9A8-48BE-AFFE-9B7F690C4B7F}
	EndProjectSection
EndProject
Project("{8BC9CEB8-8B4A-11D0-8D11-00A0C91BC942}") = "psycle__plugin__ring_modulator", "projects\psycle\plugins\ring_modulator.vcproj", "{BA57DEBE-F6E2-412F-B58F-56BD5BBBDB34}"
	ProjectSection(ProjectDependencies) = postProject
		{3D1A7DAF-F9A8-48BE-AFFE-9B7F690C4B7F} = {3D1A7DAF-F9A8-48BE-AFFE-9B7F690C4B7F}
	EndProjectSection
EndProject
Project("{8BC9CEB8-8B4A-11D0-8D11-00A0C91BC942}") = "psycle__plugin__negative", "projects\psycle\plugins\negative.vcproj", "{57779BFB-E246-4305-9431-C0639619C17A}"
	ProjectSection(ProjectDependencies) = postProject
		{3D1A7DAF-F9A8-48BE-AFFE-9B7F690C4B7F} = {3D1A7DAF-F9A8-48BE-AFFE-9B7F690C4B7F}
	EndProjectSection
EndProject
Project("{8BC9CEB8-8B4A-11D0-8D11-00A0C91BC942}") = "psycle__plugin__arguru_synth", "projects\psycle\plugins\arguru synth 2f.vcproj", "{4F58513B-F7E3-46CD-8196-9B3E4A07AF20}"
	ProjectSection(ProjectDependencies) = postProject
	EndProjectSection
EndProject
Global
	GlobalSection(SolutionConfiguration) = preSolution
		debug = debug
		release = release
		release_intel_pentium_4 = release_intel_pentium_4
	EndGlobalSection
	GlobalSection(ProjectConfiguration) = postSolution
		{3D1A7DAF-F9A8-48BE-AFFE-9B7F690C4B7F}.debug.ActiveCfg = debug|Win32
		{3D1A7DAF-F9A8-48BE-AFFE-9B7F690C4B7F}.debug.Build.0 = debug|Win32
		{3D1A7DAF-F9A8-48BE-AFFE-9B7F690C4B7F}.release.ActiveCfg = release|Win32
		{3D1A7DAF-F9A8-48BE-AFFE-9B7F690C4B7F}.release.Build.0 = release|Win32
		{3D1A7DAF-F9A8-48BE-AFFE-9B7F690C4B7F}.release_intel_pentium_4.ActiveCfg = release_intel_pentium_4|Win32
		{3D1A7DAF-F9A8-48BE-AFFE-9B7F690C4B7F}.release_intel_pentium_4.Build.0 = release_intel_pentium_4|Win32
		{28C015FB-3BDA-4B32-8D85-C652E9892216}.debug.ActiveCfg = debug|Win32
		{28C015FB-3BDA-4B32-8D85-C652E9892216}.debug.Build.0 = debug|Win32
		{28C015FB-3BDA-4B32-8D85-C652E9892216}.release.ActiveCfg = release|Win32
		{28C015FB-3BDA-4B32-8D85-C652E9892216}.release.Build.0 = release|Win32
		{28C015FB-3BDA-4B32-8D85-C652E9892216}.release_intel_pentium_4.ActiveCfg = release_intel_pentium_4|Win32
		{28C015FB-3BDA-4B32-8D85-C652E9892216}.release_intel_pentium_4.Build.0 = release_intel_pentium_4|Win32
		{C6292BF4-9E87-4176-9101-A3D29D074B35}.debug.ActiveCfg = debug|Win32
		{C6292BF4-9E87-4176-9101-A3D29D074B35}.debug.Build.0 = debug|Win32
		{C6292BF4-9E87-4176-9101-A3D29D074B35}.release.ActiveCfg = release|Win32
		{C6292BF4-9E87-4176-9101-A3D29D074B35}.release.Build.0 = release|Win32
		{C6292BF4-9E87-4176-9101-A3D29D074B35}.release_intel_pentium_4.ActiveCfg = release_intel_pentium_4|Win32
		{C6292BF4-9E87-4176-9101-A3D29D074B35}.release_intel_pentium_4.Build.0 = release_intel_pentium_4|Win32
		{5EDF4167-AEA5-49BA-9B25-AFCEEF12F5E9}.debug.ActiveCfg = debug|Win32
		{5EDF4167-AEA5-49BA-9B25-AFCEEF12F5E9}.debug.Build.0 = debug|Win32
		{5EDF4167-AEA5-49BA-9B25-AFCEEF12F5E9}.release.ActiveCfg = release|Win32
		{5EDF4167-AEA5-49BA-9B25-AFCEEF12F5E9}.release.Build.0 = release|Win32
		{5EDF4167-AEA5-49BA-9B25-AFCEEF12F5E9}.release_intel_pentium_4.ActiveCfg = release_intel_pentium_4|Win32
		{5EDF4167-AEA5-49BA-9B25-AFCEEF12F5E9}.release_intel_pentium_4.Build.0 = release_intel_pentium_4|Win32
		{F9D890D8-B4BF-4C41-BE8A-9AC222AA396B}.debug.ActiveCfg = debug|Win32
		{F9D890D8-B4BF-4C41-BE8A-9AC222AA396B}.debug.Build.0 = debug|Win32
		{F9D890D8-B4BF-4C41-BE8A-9AC222AA396B}.release.ActiveCfg = release|Win32
		{F9D890D8-B4BF-4C41-BE8A-9AC222AA396B}.release.Build.0 = release|Win32
		{F9D890D8-B4BF-4C41-BE8A-9AC222AA396B}.release_intel_pentium_4.ActiveCfg = release_intel_pentium_4|Win32
		{F9D890D8-B4BF-4C41-BE8A-9AC222AA396B}.release_intel_pentium_4.Build.0 = release_intel_pentium_4|Win32
		{B7971021-83E8-4CC7-A926-DFF0B4530A41}.debug.ActiveCfg = debug|Win32
		{B7971021-83E8-4CC7-A926-DFF0B4530A41}.debug.Build.0 = debug|Win32
		{B7971021-83E8-4CC7-A926-DFF0B4530A41}.release.ActiveCfg = release|Win32
		{B7971021-83E8-4CC7-A926-DFF0B4530A41}.release.Build.0 = release|Win32
		{B7971021-83E8-4CC7-A926-DFF0B4530A41}.release_intel_pentium_4.ActiveCfg = release_intel_pentium_4|Win32
		{B7971021-83E8-4CC7-A926-DFF0B4530A41}.release_intel_pentium_4.Build.0 = release_intel_pentium_4|Win32
		{88974F25-2F34-4F4B-99D9-F93B097CD24D}.debug.ActiveCfg = debug|Win32
		{88974F25-2F34-4F4B-99D9-F93B097CD24D}.debug.Build.0 = debug|Win32
		{88974F25-2F34-4F4B-99D9-F93B097CD24D}.release.ActiveCfg = release|Win32
		{88974F25-2F34-4F4B-99D9-F93B097CD24D}.release.Build.0 = release|Win32
		{88974F25-2F34-4F4B-99D9-F93B097CD24D}.release_intel_pentium_4.ActiveCfg = release_intel_pentium_4|Win32
		{88974F25-2F34-4F4B-99D9-F93B097CD24D}.release_intel_pentium_4.Build.0 = release_intel_pentium_4|Win32
		{5E7F1902-C3E3-43DE-A35D-402E42CD78B8}.debug.ActiveCfg = debug|Win32
		{5E7F1902-C3E3-43DE-A35D-402E42CD78B8}.debug.Build.0 = debug|Win32
		{5E7F1902-C3E3-43DE-A35D-402E42CD78B8}.release.ActiveCfg = release|Win32
		{5E7F1902-C3E3-43DE-A35D-402E42CD78B8}.release.Build.0 = release|Win32
		{5E7F1902-C3E3-43DE-A35D-402E42CD78B8}.release_intel_pentium_4.ActiveCfg = release_intel_pentium_4|Win32
		{5E7F1902-C3E3-43DE-A35D-402E42CD78B8}.release_intel_pentium_4.Build.0 = release_intel_pentium_4|Win32
		{BA57DEBE-F6E2-412F-B58F-56BD5BBBDB34}.debug.ActiveCfg = debug|Win32
		{BA57DEBE-F6E2-412F-B58F-56BD5BBBDB34}.debug.Build.0 = debug|Win32
		{BA57DEBE-F6E2-412F-B58F-56BD5BBBDB34}.release.ActiveCfg = release|Win32
		{BA57DEBE-F6E2-412F-B58F-56BD5BBBDB34}.release.Build.0 = release|Win32
		{BA57DEBE-F6E2-412F-B58F-56BD5BBBDB34}.release_intel_pentium_4.ActiveCfg = release_intel_pentium_4|Win32
		{BA57DEBE-F6E2-412F-B58F-56BD5BBBDB34}.release_intel_pentium_4.Build.0 = release_intel_pentium_4|Win32
		{57779BFB-E246-4305-9431-C0639619C17A}.debug.ActiveCfg = debug|Win32
		{57779BFB-E246-4305-9431-C0639619C17A}.debug.Build.0 = debug|Win32
		{57779BFB-E246-4305-9431-C0639619C17A}.release.ActiveCfg = release|Win32
		{57779BFB-E246-4305-9431-C0639619C17A}.release.Build.0 = release|Win32
		{57779BFB-E246-4305-9431-C0639619C17A}.release_intel_pentium_4.ActiveCfg = release_intel_pentium_4|Win32
		{57779BFB-E246-4305-9431-C0639619C17A}.release_intel_pentium_4.Build.0 = release_intel_pentium_4|Win32
		{4F58513B-F7E3-46CD-8196-9B3E4A07AF20}.debug.ActiveCfg = debug|Win32
		{4F58513B-F7E3-46CD-8196-9B3E4A07AF20}.debug.Build.0 = debug|Win32
		{4F58513B-F7E3-46CD-8196-9B3E4A07AF20}.release.ActiveCfg = release|Win32
		{4F58513B-F7E3-46CD-8196-9B3E4A07AF20}.release.Build.0 = release|Win32
		{4F58513B-F7E3-46CD-8196-9B3E4A07AF20}.release_intel_pentium_4.ActiveCfg = release_intel_pentium_4|Win32
		{4F58513B-F7E3-46CD-8196-9B3E4A07AF20}.release_intel_pentium_4.Build.0 = release_intel_pentium_4|Win32
	EndGlobalSection
	GlobalSection(ExtensibilityGlobals) = postSolution
	EndGlobalSection
	GlobalSection(ExtensibilityAddIns) = postSolution
	EndGlobalSection
EndGlobal
